// !$*UTF8*$!
{
	archiveVersion = 1;
	classes = {
	};
	objectVersion = 56;
	objects = {

/* Begin PBXBuildFile section */
		44C362F92ABA8ADD00E8219A /* AppDelegate.swift in Sources */ = {isa = PBXBuildFile; fileRef = 44C362F82ABA8ADD00E8219A /* AppDelegate.swift */; };
		44C362FB2ABA8ADD00E8219A /* SceneDelegate.swift in Sources */ = {isa = PBXBuildFile; fileRef = 44C362FA2ABA8ADD00E8219A /* SceneDelegate.swift */; };
		44C362FD2ABA8ADD00E8219A /* ViewController.swift in Sources */ = {isa = PBXBuildFile; fileRef = 44C362FC2ABA8ADD00E8219A /* ViewController.swift */; };
		44C363002ABA8ADD00E8219A /* Main.storyboard in Resources */ = {isa = PBXBuildFile; fileRef = 44C362FE2ABA8ADD00E8219A /* Main.storyboard */; };
		44C363022ABA8ADF00E8219A /* Assets.xcassets in Resources */ = {isa = PBXBuildFile; fileRef = 44C363012ABA8ADF00E8219A /* Assets.xcassets */; };
		44C363052ABA8ADF00E8219A /* LaunchScreen.storyboard in Resources */ = {isa = PBXBuildFile; fileRef = 44C363032ABA8ADF00E8219A /* LaunchScreen.storyboard */; };
		44C363102ABA8ADF00E8219A /* sec26Tests.swift in Sources */ = {isa = PBXBuildFile; fileRef = 44C3630F2ABA8ADF00E8219A /* sec26Tests.swift */; };
		44C3631A2ABA8ADF00E8219A /* sec26UITests.swift in Sources */ = {isa = PBXBuildFile; fileRef = 44C363192ABA8ADF00E8219A /* sec26UITests.swift */; };
		44C3631C2ABA8ADF00E8219A /* sec26UITestsLaunchTests.swift in Sources */ = {isa = PBXBuildFile; fileRef = 44C3631B2ABA8ADF00E8219A /* sec26UITestsLaunchTests.swift */; };
/* End PBXBuildFile section */

/* Begin PBXContainerItemProxy section */
		44C3630C2ABA8ADF00E8219A /* PBXContainerItemProxy */ = {
			isa = PBXContainerItemProxy;
			containerPortal = 44C362ED2ABA8ADD00E8219A /* Project object */;
			proxyType = 1;
			remoteGlobalIDString = 44C362F42ABA8ADD00E8219A;
			remoteInfo = sec26;
		};
		44C363162ABA8ADF00E8219A /* PBXContainerItemProxy */ = {
			isa = PBXContainerItemProxy;
			containerPortal = 44C362ED2ABA8ADD00E8219A /* Project object */;
			proxyType = 1;
			remoteGlobalIDString = 44C362F42ABA8ADD00E8219A;
			remoteInfo = sec26;
		};
/* End PBXContainerItemProxy section */

/* Begin PBXFileReference section */
		44C362F52ABA8ADD00E8219A /* sec26.app */ = {isa = PBXFileReference; explicitFileType = wrapper.application; includeInIndex = 0; path = sec26.app; sourceTree = BUILT_PRODUCTS_DIR; };
		44C362F82ABA8ADD00E8219A /* AppDelegate.swift */ = {isa = PBXFileReference; lastKnownFileType = sourcecode.swift; path = AppDelegate.swift; sourceTree = "<group>"; };
		44C362FA2ABA8ADD00E8219A /* SceneDelegate.swift */ = {isa = PBXFileReference; lastKnownFileType = sourcecode.swift; path = SceneDelegate.swift; sourceTree = "<group>"; };
		44C362FC2ABA8ADD00E8219A /* ViewController.swift */ = {isa = PBXFileReference; lastKnownFileType = sourcecode.swift; path = ViewController.swift; sourceTree = "<group>"; };
		44C362FF2ABA8ADD00E8219A /* Base */ = {isa = PBXFileReference; lastKnownFileType = file.storyboard; name = Base; path = Base.lproj/Main.storyboard; sourceTree = "<group>"; };
		44C363012ABA8ADF00E8219A /* Assets.xcassets */ = {isa = PBXFileReference; lastKnownFileType = folder.assetcatalog; path = Assets.xcassets; sourceTree = "<group>"; };
		44C363042ABA8ADF00E8219A /* Base */ = {isa = PBXFileReference; lastKnownFileType = file.storyboard; name = Base; path = Base.lproj/LaunchScreen.storyboard; sourceTree = "<group>"; };
		44C363062ABA8ADF00E8219A /* Info.plist */ = {isa = PBXFileReference; lastKnownFileType = text.plist.xml; path = Info.plist; sourceTree = "<group>"; };
		44C3630B2ABA8ADF00E8219A /* sec26Tests.xctest */ = {isa = PBXFileReference; explicitFileType = wrapper.cfbundle; includeInIndex = 0; path = sec26Tests.xctest; sourceTree = BUILT_PRODUCTS_DIR; };
		44C3630F2ABA8ADF00E8219A /* sec26Tests.swift */ = {isa = PBXFileReference; lastKnownFileType = sourcecode.swift; path = sec26Tests.swift; sourceTree = "<group>"; };
		44C363152ABA8ADF00E8219A /* sec26UITests.xctest */ = {isa = PBXFileReference; explicitFileType = wrapper.cfbundle; includeInIndex = 0; path = sec26UITests.xctest; sourceTree = BUILT_PRODUCTS_DIR; };
		44C363192ABA8ADF00E8219A /* sec26UITests.swift */ = {isa = PBXFileReference; lastKnownFileType = sourcecode.swift; path = sec26UITests.swift; sourceTree = "<group>"; };
		44C3631B2ABA8ADF00E8219A /* sec26UITestsLaunchTests.swift */ = {isa = PBXFileReference; lastKnownFileType = sourcecode.swift; path = sec26UITestsLaunchTests.swift; sourceTree = "<group>"; };
/* End PBXFileReference section */

/* Begin PBXFrameworksBuildPhase section */
		44C362F22ABA8ADD00E8219A /* Frameworks */ = {
			isa = PBXFrameworksBuildPhase;
			buildActionMask = 2147483647;
			files = (
			);
			runOnlyForDeploymentPostprocessing = 0;
		};
		44C363082ABA8ADF00E8219A /* Frameworks */ = {
			isa = PBXFrameworksBuildPhase;
			buildActionMask = 2147483647;
			files = (
			);
			runOnlyForDeploymentPostprocessing = 0;
		};
		44C363122ABA8ADF00E8219A /* Frameworks */ = {
			isa = PBXFrameworksBuildPhase;
			buildActionMask = 2147483647;
			files = (
			);
			runOnlyForDeploymentPostprocessing = 0;
		};
/* End PBXFrameworksBuildPhase section */

/* Begin PBXGroup section */
		44C362EC2ABA8ADD00E8219A = {
			isa = PBXGroup;
			children = (
				44C362F72ABA8ADD00E8219A /* sec26 */,
				44C3630E2ABA8ADF00E8219A /* sec26Tests */,
				44C363182ABA8ADF00E8219A /* sec26UITests */,
				44C362F62ABA8ADD00E8219A /* Products */,
			);
			sourceTree = "<group>";
		};
		44C362F62ABA8ADD00E8219A /* Products */ = {
			isa = PBXGroup;
			children = (
				44C362F52ABA8ADD00E8219A /* sec26.app */,
				44C3630B2ABA8ADF00E8219A /* sec26Tests.xctest */,
				44C363152ABA8ADF00E8219A /* sec26UITests.xctest */,
			);
			name = Products;
			sourceTree = "<group>";
		};
		44C362F72ABA8ADD00E8219A /* sec26 */ = {
			isa = PBXGroup;
			children = (
				44C362F82ABA8ADD00E8219A /* AppDelegate.swift */,
				44C362FA2ABA8ADD00E8219A /* SceneDelegate.swift */,
				44C362FC2ABA8ADD00E8219A /* ViewController.swift */,
				44C362FE2ABA8ADD00E8219A /* Main.storyboard */,
				44C363012ABA8ADF00E8219A /* Assets.xcassets */,
				44C363032ABA8ADF00E8219A /* LaunchScreen.storyboard */,
				44C363062ABA8ADF00E8219A /* Info.plist */,
			);
			path = sec26;
			sourceTree = "<group>";
		};
		44C3630E2ABA8ADF00E8219A /* sec26Tests */ = {
			isa = PBXGroup;
			children = (
				44C3630F2ABA8ADF00E8219A /* sec26Tests.swift */,
			);
			path = sec26Tests;
			sourceTree = "<group>";
		};
		44C363182ABA8ADF00E8219A /* sec26UITests */ = {
			isa = PBXGroup;
			children = (
				44C363192ABA8ADF00E8219A /* sec26UITests.swift */,
				44C3631B2ABA8ADF00E8219A /* sec26UITestsLaunchTests.swift */,
			);
			path = sec26UITests;
			sourceTree = "<group>";
		};
/* End PBXGroup section */

/* Begin PBXNativeTarget section */
		44C362F42ABA8ADD00E8219A /* sec26 */ = {
			isa = PBXNativeTarget;
			buildConfigurationList = 44C3631F2ABA8ADF00E8219A /* Build configuration list for PBXNativeTarget "sec26" */;
			buildPhases = (
				44C362F12ABA8ADD00E8219A /* Sources */,
				44C362F22ABA8ADD00E8219A /* Frameworks */,
				44C362F32ABA8ADD00E8219A /* Resources */,
			);
			buildRules = (
			);
			dependencies = (
			);
			name = sec26;
			productName = sec26;
			productReference = 44C362F52ABA8ADD00E8219A /* sec26.app */;
			productType = "com.apple.product-type.application";
		};
		44C3630A2ABA8ADF00E8219A /* sec26Tests */ = {
			isa = PBXNativeTarget;
			buildConfigurationList = 44C363222ABA8ADF00E8219A /* Build configuration list for PBXNativeTarget "sec26Tests" */;
			buildPhases = (
				44C363072ABA8ADF00E8219A /* Sources */,
				44C363082ABA8ADF00E8219A /* Frameworks */,
				44C363092ABA8ADF00E8219A /* Resources */,
			);
			buildRules = (
			);
			dependencies = (
				44C3630D2ABA8ADF00E8219A /* PBXTargetDependency */,
			);
			name = sec26Tests;
			productName = sec26Tests;
			productReference = 44C3630B2ABA8ADF00E8219A /* sec26Tests.xctest */;
			productType = "com.apple.product-type.bundle.unit-test";
		};
		44C363142ABA8ADF00E8219A /* sec26UITests */ = {
			isa = PBXNativeTarget;
			buildConfigurationList = 44C363252ABA8ADF00E8219A /* Build configuration list for PBXNativeTarget "sec26UITests" */;
			buildPhases = (
				44C363112ABA8ADF00E8219A /* Sources */,
				44C363122ABA8ADF00E8219A /* Frameworks */,
				44C363132ABA8ADF00E8219A /* Resources */,
			);
			buildRules = (
			);
			dependencies = (
				44C363172ABA8ADF00E8219A /* PBXTargetDependency */,
			);
			name = sec26UITests;
			productName = sec26UITests;
			productReference = 44C363152ABA8ADF00E8219A /* sec26UITests.xctest */;
			productType = "com.apple.product-type.bundle.ui-testing";
		};
/* End PBXNativeTarget section */

/* Begin PBXProject section */
		44C362ED2ABA8ADD00E8219A /* Project object */ = {
			isa = PBXProject;
			attributes = {
				BuildIndependentTargetsInParallel = 1;
				LastSwiftUpdateCheck = 1430;
				LastUpgradeCheck = 1430;
				TargetAttributes = {
					44C362F42ABA8ADD00E8219A = {
						CreatedOnToolsVersion = 14.3.1;
					};
					44C3630A2ABA8ADF00E8219A = {
						CreatedOnToolsVersion = 14.3.1;
						TestTargetID = 44C362F42ABA8ADD00E8219A;
					};
					44C363142ABA8ADF00E8219A = {
						CreatedOnToolsVersion = 14.3.1;
						TestTargetID = 44C362F42ABA8ADD00E8219A;
					};
				};
			};
			buildConfigurationList = 44C362F02ABA8ADD00E8219A /* Build configuration list for PBXProject "sec26" */;
			compatibilityVersion = "Xcode 14.0";
			developmentRegion = en;
			hasScannedForEncodings = 0;
			knownRegions = (
				en,
				Base,
			);
			mainGroup = 44C362EC2ABA8ADD00E8219A;
			productRefGroup = 44C362F62ABA8ADD00E8219A /* Products */;
			projectDirPath = "";
			projectRoot = "";
			targets = (
				44C362F42ABA8ADD00E8219A /* sec26 */,
				44C3630A2ABA8ADF00E8219A /* sec26Tests */,
				44C363142ABA8ADF00E8219A /* sec26UITests */,
			);
		};
/* End PBXProject section */

/* Begin PBXResourcesBuildPhase section */
		44C362F32ABA8ADD00E8219A /* Resources */ = {
			isa = PBXResourcesBuildPhase;
			buildActionMask = 2147483647;
			files = (
				44C363052ABA8ADF00E8219A /* LaunchScreen.storyboard in Resources */,
				44C363022ABA8ADF00E8219A /* Assets.xcassets in Resources */,
				44C363002ABA8ADD00E8219A /* Main.storyboard in Resources */,
			);
			runOnlyForDeploymentPostprocessing = 0;
		};
		44C363092ABA8ADF00E8219A /* Resources */ = {
			isa = PBXResourcesBuildPhase;
			buildActionMask = 2147483647;
			files = (
			);
			runOnlyForDeploymentPostprocessing = 0;
		};
		44C363132ABA8ADF00E8219A /* Resources */ = {
			isa = PBXResourcesBuildPhase;
			buildActionMask = 2147483647;
			files = (
			);
			runOnlyForDeploymentPostprocessing = 0;
		};
/* End PBXResourcesBuildPhase section */

/* Begin PBXSourcesBuildPhase section */
		44C362F12ABA8ADD00E8219A /* Sources */ = {
			isa = PBXSourcesBuildPhase;
			buildActionMask = 2147483647;
			files = (
				44C362FD2ABA8ADD00E8219A /* ViewController.swift in Sources */,
				44C362F92ABA8ADD00E8219A /* AppDelegate.swift in Sources */,
				44C362FB2ABA8ADD00E8219A /* SceneDelegate.swift in Sources */,
			);
			runOnlyForDeploymentPostprocessing = 0;
		};
		44C363072ABA8ADF00E8219A /* Sources */ = {
			isa = PBXSourcesBuildPhase;
			buildActionMask = 2147483647;
			files = (
				44C363102ABA8ADF00E8219A /* sec26Tests.swift in Sources */,
			);
			runOnlyForDeploymentPostprocessing = 0;
		};
		44C363112ABA8ADF00E8219A /* Sources */ = {
			isa = PBXSourcesBuildPhase;
			buildActionMask = 2147483647;
			files = (
				44C3631C2ABA8ADF00E8219A /* sec26UITestsLaunchTests.swift in Sources */,
				44C3631A2ABA8ADF00E8219A /* sec26UITests.swift in Sources */,
			);
			runOnlyForDeploymentPostprocessing = 0;
		};
/* End PBXSourcesBuildPhase section */

/* Begin PBXTargetDependency section */
		44C3630D2ABA8ADF00E8219A /* PBXTargetDependency */ = {
			isa = PBXTargetDependency;
			target = 44C362F42ABA8ADD00E8219A /* sec26 */;
			targetProxy = 44C3630C2ABA8ADF00E8219A /* PBXContainerItemProxy */;
		};
		44C363172ABA8ADF00E8219A /* PBXTargetDependency */ = {
			isa = PBXTargetDependency;
			target = 44C362F42ABA8ADD00E8219A /* sec26 */;
			targetProxy = 44C363162ABA8ADF00E8219A /* PBXContainerItemProxy */;
		};
/* End PBXTargetDependency section */

/* Begin PBXVariantGroup section */
		44C362FE2ABA8ADD00E8219A /* Main.storyboard */ = {
			isa = PBXVariantGroup;
			children = (
				44C362FF2ABA8ADD00E8219A /* Base */,
			);
			name = Main.storyboard;
			sourceTree = "<group>";
		};
		44C363032ABA8ADF00E8219A /* LaunchScreen.storyboard */ = {
			isa = PBXVariantGroup;
			children = (
				44C363042ABA8ADF00E8219A /* Base */,
			);
			name = LaunchScreen.storyboard;
			sourceTree = "<group>";
		};
/* End PBXVariantGroup section */

/* Begin XCBuildConfiguration section */
		44C3631D2ABA8ADF00E8219A /* Debug */ = {
			isa = XCBuildConfiguration;
			buildSettings = {
				ALWAYS_SEARCH_USER_PATHS = NO;
				CLANG_ANALYZER_NONNULL = YES;
				CLANG_ANALYZER_NUMBER_OBJECT_CONVERSION = YES_AGGRESSIVE;
				CLANG_CXX_LANGUAGE_STANDARD = "gnu++20";
				CLANG_ENABLE_MODULES = YES;
				CLANG_ENABLE_OBJC_ARC = YES;
				CLANG_ENABLE_OBJC_WEAK = YES;
				CLANG_WARN_BLOCK_CAPTURE_AUTORELEASING = YES;
				CLANG_WARN_BOOL_CONVERSION = YES;
				CLANG_WARN_COMMA = YES;
				CLANG_WARN_CONSTANT_CONVERSION = YES;
				CLANG_WARN_DEPRECATED_OBJC_IMPLEMENTATIONS = YES;
				CLANG_WARN_DIRECT_OBJC_ISA_USAGE = YES_ERROR;
				CLANG_WARN_DOCUMENTATION_COMMENTS = YES;
				CLANG_WARN_EMPTY_BODY = YES;
				CLANG_WARN_ENUM_CONVERSION = YES;
				CLANG_WARN_INFINITE_RECURSION = YES;
				CLANG_WARN_INT_CONVERSION = YES;
				CLANG_WARN_NON_LITERAL_NULL_CONVERSION = YES;
				CLANG_WARN_OBJC_IMPLICIT_RETAIN_SELF = YES;
				CLANG_WARN_OBJC_LITERAL_CONVERSION = YES;
				CLANG_WARN_OBJC_ROOT_CLASS = YES_ERROR;
				CLANG_WARN_QUOTED_INCLUDE_IN_FRAMEWORK_HEADER = YES;
				CLANG_WARN_RANGE_LOOP_ANALYSIS = YES;
				CLANG_WARN_STRICT_PROTOTYPES = YES;
				CLANG_WARN_SUSPICIOUS_MOVE = YES;
				CLANG_WARN_UNGUARDED_AVAILABILITY = YES_AGGRESSIVE;
				CLANG_WARN_UNREACHABLE_CODE = YES;
				CLANG_WARN__DUPLICATE_METHOD_MATCH = YES;
				COPY_PHASE_STRIP = NO;
				DEBUG_INFORMATION_FORMAT = dwarf;
				ENABLE_STRICT_OBJC_MSGSEND = YES;
				ENABLE_TESTABILITY = YES;
				GCC_C_LANGUAGE_STANDARD = gnu11;
				GCC_DYNAMIC_NO_PIC = NO;
				GCC_NO_COMMON_BLOCKS = YES;
				GCC_OPTIMIZATION_LEVEL = 0;
				GCC_PREPROCESSOR_DEFINITIONS = (
					"DEBUG=1",
					"$(inherited)",
				);
				GCC_WARN_64_TO_32_BIT_CONVERSION = YES;
				GCC_WARN_ABOUT_RETURN_TYPE = YES_ERROR;
				GCC_WARN_UNDECLARED_SELECTOR = YES;
				GCC_WARN_UNINITIALIZED_AUTOS = YES_AGGRESSIVE;
				GCC_WARN_UNUSED_FUNCTION = YES;
				GCC_WARN_UNUSED_VARIABLE = YES;
				IPHONEOS_DEPLOYMENT_TARGET = 16.4;
				MTL_ENABLE_DEBUG_INFO = INCLUDE_SOURCE;
				MTL_FAST_MATH = YES;
				ONLY_ACTIVE_ARCH = YES;
				SDKROOT = iphoneos;
				SWIFT_ACTIVE_COMPILATION_CONDITIONS = DEBUG;
				SWIFT_OPTIMIZATION_LEVEL = "-Onone";
			};
			name = Debug;
		};
		44C3631E2ABA8ADF00E8219A /* Release */ = {
			isa = XCBuildConfiguration;
			buildSettings = {
				ALWAYS_SEARCH_USER_PATHS = NO;
				CLANG_ANALYZER_NONNULL = YES;
				CLANG_ANALYZER_NUMBER_OBJECT_CONVERSION = YES_AGGRESSIVE;
				CLANG_CXX_LANGUAGE_STANDARD = "gnu++20";
				CLANG_ENABLE_MODULES = YES;
				CLANG_ENABLE_OBJC_ARC = YES;
				CLANG_ENABLE_OBJC_WEAK = YES;
				CLANG_WARN_BLOCK_CAPTURE_AUTORELEASING = YES;
				CLANG_WARN_BOOL_CONVERSION = YES;
				CLANG_WARN_COMMA = YES;
				CLANG_WARN_CONSTANT_CONVERSION = YES;
				CLANG_WARN_DEPRECATED_OBJC_IMPLEMENTATIONS = YES;
				CLANG_WARN_DIRECT_OBJC_ISA_USAGE = YES_ERROR;
				CLANG_WARN_DOCUMENTATION_COMMENTS = YES;
				CLANG_WARN_EMPTY_BODY = YES;
				CLANG_WARN_ENUM_CONVERSION = YES;
				CLANG_WARN_INFINITE_RECURSION = YES;
				CLANG_WARN_INT_CONVERSION = YES;
				CLANG_WARN_NON_LITERAL_NULL_CONVERSION = YES;
				CLANG_WARN_OBJC_IMPLICIT_RETAIN_SELF = YES;
				CLANG_WARN_OBJC_LITERAL_CONVERSION = YES;
				CLANG_WARN_OBJC_ROOT_CLASS = YES_ERROR;
				CLANG_WARN_QUOTED_INCLUDE_IN_FRAMEWORK_HEADER = YES;
				CLANG_WARN_RANGE_LOOP_ANALYSIS = YES;
				CLANG_WARN_STRICT_PROTOTYPES = YES;
				CLANG_WARN_SUSPICIOUS_MOVE = YES;
				CLANG_WARN_UNGUARDED_AVAILABILITY = YES_AGGRESSIVE;
				CLANG_WARN_UNREACHABLE_CODE = YES;
				CLANG_WARN__DUPLICATE_METHOD_MATCH = YES;
				COPY_PHASE_STRIP = NO;
				DEBUG_INFORMATION_FORMAT = "dwarf-with-dsym";
				ENABLE_NS_ASSERTIONS = NO;
				ENABLE_STRICT_OBJC_MSGSEND = YES;
				GCC_C_LANGUAGE_STANDARD = gnu11;
				GCC_NO_COMMON_BLOCKS = YES;
				GCC_WARN_64_TO_32_BIT_CONVERSION = YES;
				GCC_WARN_ABOUT_RETURN_TYPE = YES_ERROR;
				GCC_WARN_UNDECLARED_SELECTOR = YES;
				GCC_WARN_UNINITIALIZED_AUTOS = YES_AGGRESSIVE;
				GCC_WARN_UNUSED_FUNCTION = YES;
				GCC_WARN_UNUSED_VARIABLE = YES;
				IPHONEOS_DEPLOYMENT_TARGET = 16.4;
				MTL_ENABLE_DEBUG_INFO = NO;
				MTL_FAST_MATH = YES;
				SDKROOT = iphoneos;
				SWIFT_COMPILATION_MODE = wholemodule;
				SWIFT_OPTIMIZATION_LEVEL = "-O";
				VALIDATE_PRODUCT = YES;
			};
			name = Release;
		};
		44C363202ABA8ADF00E8219A /* Debug */ = {
			isa = XCBuildConfiguration;
			buildSettings = {
				ASSETCATALOG_COMPILER_APPICON_NAME = AppIcon;
				ASSETCATALOG_COMPILER_GLOBAL_ACCENT_COLOR_NAME = AccentColor;
				CODE_SIGN_STYLE = Automatic;
				CURRENT_PROJECT_VERSION = 1;
				GENERATE_INFOPLIST_FILE = YES;
				INFOPLIST_FILE = sec26/Info.plist;
				INFOPLIST_KEY_UIApplicationSupportsIndirectInputEvents = YES;
				INFOPLIST_KEY_UILaunchStoryboardName = LaunchScreen;
				INFOPLIST_KEY_UIMainStoryboardFile = Main;
				INFOPLIST_KEY_UISupportedInterfaceOrientations_iPad = "UIInterfaceOrientationPortrait UIInterfaceOrientationPortraitUpsideDown UIInterfaceOrientationLandscapeLeft UIInterfaceOrientationLandscapeRight";
				INFOPLIST_KEY_UISupportedInterfaceOrientations_iPhone = "UIInterfaceOrientationPortrait UIInterfaceOrientationLandscapeLeft UIInterfaceOrientationLandscapeRight";
				IPHONEOS_DEPLOYMENT_TARGET = 13.0;
				LD_RUNPATH_SEARCH_PATHS = (
					"$(inherited)",
					"@executable_path/Frameworks",
				);
				MARKETING_VERSION = 1.0;
				PRODUCT_BUNDLE_IDENTIFIER = com.abc.sec26;
				PRODUCT_NAME = "$(TARGET_NAME)";
				SWIFT_EMIT_LOC_STRINGS = YES;
				SWIFT_VERSION = 5.0;
				TARGETED_DEVICE_FAMILY = "1,2";
			};
			name = Debug;
		};
		44C363212ABA8ADF00E8219A /* Release */ = {
			isa = XCBuildConfiguration;
			buildSettings = {
				ASSETCATALOG_COMPILER_APPICON_NAME = AppIcon;
				ASSETCATALOG_COMPILER_GLOBAL_ACCENT_COLOR_NAME = AccentColor;
				CODE_SIGN_STYLE = Automatic;
				CURRENT_PROJECT_VERSION = 1;
				GENERATE_INFOPLIST_FILE = YES;
				INFOPLIST_FILE = sec26/Info.plist;
				INFOPLIST_KEY_UIApplicationSupportsIndirectInputEvents = YES;
				INFOPLIST_KEY_UILaunchStoryboardName = LaunchScreen;
				INFOPLIST_KEY_UIMainStoryboardFile = Main;
				INFOPLIST_KEY_UISupportedInterfaceOrientations_iPad = "UIInterfaceOrientationPortrait UIInterfaceOrientationPortraitUpsideDown UIInterfaceOrientationLandscapeLeft UIInterfaceOrientationLandscapeRight";
				INFOPLIST_KEY_UISupportedInterfaceOrientations_iPhone = "UIInterfaceOrientationPortrait UIInterfaceOrientationLandscapeLeft UIInterfaceOrientationLandscapeRight";
				IPHONEOS_DEPLOYMENT_TARGET = 13.0;
				LD_RUNPATH_SEARCH_PATHS = (
					"$(inherited)",
					"@executable_path/Frameworks",
				);
				MARKETING_VERSION = 1.0;
				PRODUCT_BUNDLE_IDENTIFIER = com.abc.sec26;
				PRODUCT_NAME = "$(TARGET_NAME)";
				SWIFT_EMIT_LOC_STRINGS = YES;
				SWIFT_VERSION = 5.0;
				TARGETED_DEVICE_FAMILY = "1,2";
			};
			name = Release;
		};
		44C363232ABA8ADF00E8219A /* Debug */ = {
			isa = XCBuildConfiguration;
			buildSettings = {
				ALWAYS_EMBED_SWIFT_STANDARD_LIBRARIES = YES;
				BUNDLE_LOADER = "$(TEST_HOST)";
				CODE_SIGN_STYLE = Automatic;
				CURRENT_PROJECT_VERSION = 1;
				GENERATE_INFOPLIST_FILE = YES;
				IPHONEOS_DEPLOYMENT_TARGET = 16.4;
				MARKETING_VERSION = 1.0;
				PRODUCT_BUNDLE_IDENTIFIER = com.abc.sec26Tests;
				PRODUCT_NAME = "$(TARGET_NAME)";
				SWIFT_EMIT_LOC_STRINGS = NO;
				SWIFT_VERSION = 5.0;
				TARGETED_DEVICE_FAMILY = "1,2";
				TEST_HOST = "$(BUILT_PRODUCTS_DIR)/sec26.app/$(BUNDLE_EXECUTABLE_FOLDER_PATH)/sec26";
			};
			name = Debug;
		};
		44C363242ABA8ADF00E8219A /* Release */ = {
			isa = XCBuildConfiguration;
			buildSettings = {
				ALWAYS_EMBED_SWIFT_STANDARD_LIBRARIES = YES;
				BUNDLE_LOADER = "$(TEST_HOST)";
				CODE_SIGN_STYLE = Automatic;
				CURRENT_PROJECT_VERSION = 1;
				GENERATE_INFOPLIST_FILE = YES;
				IPHONEOS_DEPLOYMENT_TARGET = 16.4;
				MARKETING_VERSION = 1.0;
				PRODUCT_BUNDLE_IDENTIFIER = com.abc.sec26Tests;
				PRODUCT_NAME = "$(TARGET_NAME)";
				SWIFT_EMIT_LOC_STRINGS = NO;
				SWIFT_VERSION = 5.0;
				TARGETED_DEVICE_FAMILY = "1,2";
				TEST_HOST = "$(BUILT_PRODUCTS_DIR)/sec26.app/$(BUNDLE_EXECUTABLE_FOLDER_PATH)/sec26";
			};
			name = Release;
		};
		44C363262ABA8ADF00E8219A /* Debug */ = {
			isa = XCBuildConfiguration;
			buildSettings = {
				ALWAYS_EMBED_SWIFT_STANDARD_LIBRARIES = YES;
				CODE_SIGN_STYLE = Automatic;
				CURRENT_PROJECT_VERSION = 1;
				GENERATE_INFOPLIST_FILE = YES;
				MARKETING_VERSION = 1.0;
				PRODUCT_BUNDLE_IDENTIFIER = com.abc.sec26UITests;
				PRODUCT_NAME = "$(TARGET_NAME)";
				SWIFT_EMIT_LOC_STRINGS = NO;
				SWIFT_VERSION = 5.0;
				TARGETED_DEVICE_FAMILY = "1,2";
				TEST_TARGET_NAME = sec26;
			};
			name = Debug;
		};
		44C363272ABA8ADF00E8219A /* Release */ = {
			isa = XCBuildConfiguration;
			buildSettings = {
				ALWAYS_EMBED_SWIFT_STANDARD_LIBRARIES = YES;
				CODE_SIGN_STYLE = Automatic;
				CURRENT_PROJECT_VERSION = 1;
				GENERATE_INFOPLIST_FILE = YES;
				MARKETING_VERSION = 1.0;
				PRODUCT_BUNDLE_IDENTIFIER = com.abc.sec26UITests;
				PRODUCT_NAME = "$(TARGET_NAME)";
				SWIFT_EMIT_LOC_STRINGS = NO;
				SWIFT_VERSION = 5.0;
				TARGETED_DEVICE_FAMILY = "1,2";
				TEST_TARGET_NAME = sec26;
			};
			name = Release;
		};
/* End XCBuildConfiguration section */

/* Begin XCConfigurationList section */
		44C362F02ABA8ADD00E8219A /* Build configuration list for PBXProject "sec26" */ = {
			isa = XCConfigurationList;
			buildConfigurations = (
				44C3631D2ABA8ADF00E8219A /* Debug */,
				44C3631E2ABA8ADF00E8219A /* Release */,
			);
			defaultConfigurationIsVisible = 0;
			defaultConfigurationName = Release;
		};
		44C3631F2ABA8ADF00E8219A /* Build configuration list for PBXNativeTarget "sec26" */ = {
			isa = XCConfigurationList;
			buildConfigurations = (
				44C363202ABA8ADF00E8219A /* Debug */,
				44C363212ABA8ADF00E8219A /* Release */,
			);
			defaultConfigurationIsVisible = 0;
			defaultConfigurationName = Release;
		};
		44C363222ABA8ADF00E8219A /* Build configuration list for PBXNativeTarget "sec26Tests" */ = {
			isa = XCConfigurationList;
			buildConfigurations = (
				44C363232ABA8ADF00E8219A /* Debug */,
				44C363242ABA8ADF00E8219A /* Release */,
			);
			defaultConfigurationIsVisible = 0;
			defaultConfigurationName = Release;
		};
		44C363252ABA8ADF00E8219A /* Build configuration list for PBXNativeTarget "sec26UITests" */ = {
			isa = XCConfigurationList;
			buildConfigurations = (
				44C363262ABA8ADF00E8219A /* Debug */,
				44C363272ABA8ADF00E8219A /* Release */,
			);
			defaultConfigurationIsVisible = 0;
			defaultConfigurationName = Release;
		};
/* End XCConfigurationList section */
	};
	rootObject = 44C362ED2ABA8ADD00E8219A /* Project object */;
}
