// !$*UTF8*$!
{
	archiveVersion = 1;
	classes = {
	};
	objectVersion = 56;
	objects = {

/* Begin PBXBuildFile section */
		44C361DD2AB829DC00E8219A /* swiftUI_sec0_25_observableObject_App.swift in Sources */ = {isa = PBXBuildFile; fileRef = 44C361DC2AB829DC00E8219A /* swiftUI_sec0_25_observableObject_App.swift */; };
		44C361DF2AB829DC00E8219A /* ContentView.swift in Sources */ = {isa = PBXBuildFile; fileRef = 44C361DE2AB829DC00E8219A /* ContentView.swift */; };
		44C361E12AB829DE00E8219A /* Assets.xcassets in Resources */ = {isa = PBXBuildFile; fileRef = 44C361E02AB829DE00E8219A /* Assets.xcassets */; };
		44C361E42AB829DE00E8219A /* Preview Assets.xcassets in Resources */ = {isa = PBXBuildFile; fileRef = 44C361E32AB829DE00E8219A /* Preview Assets.xcassets */; };
		44C361EE2AB829DE00E8219A /* swiftUI_sec0_25_observableObject_Tests.swift in Sources */ = {isa = PBXBuildFile; fileRef = 44C361ED2AB829DE00E8219A /* swiftUI_sec0_25_observableObject_Tests.swift */; };
		44C361F82AB829DE00E8219A /* swiftUI_sec0_25_observableObject_UITests.swift in Sources */ = {isa = PBXBuildFile; fileRef = 44C361F72AB829DE00E8219A /* swiftUI_sec0_25_observableObject_UITests.swift */; };
		44C361FA2AB829DE00E8219A /* swiftUI_sec0_25_observableObject_UITestsLaunchTests.swift in Sources */ = {isa = PBXBuildFile; fileRef = 44C361F92AB829DE00E8219A /* swiftUI_sec0_25_observableObject_UITestsLaunchTests.swift */; };
/* End PBXBuildFile section */

/* Begin PBXContainerItemProxy section */
		44C361EA2AB829DE00E8219A /* PBXContainerItemProxy */ = {
			isa = PBXContainerItemProxy;
			containerPortal = 44C361D12AB829DC00E8219A /* Project object */;
			proxyType = 1;
			remoteGlobalIDString = 44C361D82AB829DC00E8219A;
			remoteInfo = "swiftUI-sec0-25.observableObject~";
		};
		44C361F42AB829DE00E8219A /* PBXContainerItemProxy */ = {
			isa = PBXContainerItemProxy;
			containerPortal = 44C361D12AB829DC00E8219A /* Project object */;
			proxyType = 1;
			remoteGlobalIDString = 44C361D82AB829DC00E8219A;
			remoteInfo = "swiftUI-sec0-25.observableObject~";
		};
/* End PBXContainerItemProxy section */

/* Begin PBXFileReference section */
		44C361D92AB829DC00E8219A /* swiftUI-sec0-25.observableObject~.app */ = {isa = PBXFileReference; explicitFileType = wrapper.application; includeInIndex = 0; path = "swiftUI-sec0-25.observableObject~.app"; sourceTree = BUILT_PRODUCTS_DIR; };
		44C361DC2AB829DC00E8219A /* swiftUI_sec0_25_observableObject_App.swift */ = {isa = PBXFileReference; lastKnownFileType = sourcecode.swift; path = swiftUI_sec0_25_observableObject_App.swift; sourceTree = "<group>"; };
		44C361DE2AB829DC00E8219A /* ContentView.swift */ = {isa = PBXFileReference; lastKnownFileType = sourcecode.swift; path = ContentView.swift; sourceTree = "<group>"; };
		44C361E02AB829DE00E8219A /* Assets.xcassets */ = {isa = PBXFileReference; lastKnownFileType = folder.assetcatalog; path = Assets.xcassets; sourceTree = "<group>"; };
		44C361E32AB829DE00E8219A /* Preview Assets.xcassets */ = {isa = PBXFileReference; lastKnownFileType = folder.assetcatalog; path = "Preview Assets.xcassets"; sourceTree = "<group>"; };
		44C361E92AB829DE00E8219A /* swiftUI-sec0-25.observableObject~Tests.xctest */ = {isa = PBXFileReference; explicitFileType = wrapper.cfbundle; includeInIndex = 0; path = "swiftUI-sec0-25.observableObject~Tests.xctest"; sourceTree = BUILT_PRODUCTS_DIR; };
		44C361ED2AB829DE00E8219A /* swiftUI_sec0_25_observableObject_Tests.swift */ = {isa = PBXFileReference; lastKnownFileType = sourcecode.swift; path = swiftUI_sec0_25_observableObject_Tests.swift; sourceTree = "<group>"; };
		44C361F32AB829DE00E8219A /* swiftUI-sec0-25.observableObject~UITests.xctest */ = {isa = PBXFileReference; explicitFileType = wrapper.cfbundle; includeInIndex = 0; path = "swiftUI-sec0-25.observableObject~UITests.xctest"; sourceTree = BUILT_PRODUCTS_DIR; };
		44C361F72AB829DE00E8219A /* swiftUI_sec0_25_observableObject_UITests.swift */ = {isa = PBXFileReference; lastKnownFileType = sourcecode.swift; path = swiftUI_sec0_25_observableObject_UITests.swift; sourceTree = "<group>"; };
		44C361F92AB829DE00E8219A /* swiftUI_sec0_25_observableObject_UITestsLaunchTests.swift */ = {isa = PBXFileReference; lastKnownFileType = sourcecode.swift; path = swiftUI_sec0_25_observableObject_UITestsLaunchTests.swift; sourceTree = "<group>"; };
/* End PBXFileReference section */

/* Begin PBXFrameworksBuildPhase section */
		44C361D62AB829DC00E8219A /* Frameworks */ = {
			isa = PBXFrameworksBuildPhase;
			buildActionMask = 2147483647;
			files = (
			);
			runOnlyForDeploymentPostprocessing = 0;
		};
		44C361E62AB829DE00E8219A /* Frameworks */ = {
			isa = PBXFrameworksBuildPhase;
			buildActionMask = 2147483647;
			files = (
			);
			runOnlyForDeploymentPostprocessing = 0;
		};
		44C361F02AB829DE00E8219A /* Frameworks */ = {
			isa = PBXFrameworksBuildPhase;
			buildActionMask = 2147483647;
			files = (
			);
			runOnlyForDeploymentPostprocessing = 0;
		};
/* End PBXFrameworksBuildPhase section */

/* Begin PBXGroup section */
		44C361D02AB829DC00E8219A = {
			isa = PBXGroup;
			children = (
				44C361DB2AB829DC00E8219A /* swiftUI-sec0-25.observableObject~ */,
				44C361EC2AB829DE00E8219A /* swiftUI-sec0-25.observableObject~Tests */,
				44C361F62AB829DE00E8219A /* swiftUI-sec0-25.observableObject~UITests */,
				44C361DA2AB829DC00E8219A /* Products */,
			);
			sourceTree = "<group>";
		};
		44C361DA2AB829DC00E8219A /* Products */ = {
			isa = PBXGroup;
			children = (
				44C361D92AB829DC00E8219A /* swiftUI-sec0-25.observableObject~.app */,
				44C361E92AB829DE00E8219A /* swiftUI-sec0-25.observableObject~Tests.xctest */,
				44C361F32AB829DE00E8219A /* swiftUI-sec0-25.observableObject~UITests.xctest */,
			);
			name = Products;
			sourceTree = "<group>";
		};
		44C361DB2AB829DC00E8219A /* swiftUI-sec0-25.observableObject~ */ = {
			isa = PBXGroup;
			children = (
				44C361DC2AB829DC00E8219A /* swiftUI_sec0_25_observableObject_App.swift */,
				44C361DE2AB829DC00E8219A /* ContentView.swift */,
				44C361E02AB829DE00E8219A /* Assets.xcassets */,
				44C361E22AB829DE00E8219A /* Preview Content */,
			);
			path = "swiftUI-sec0-25.observableObject~";
			sourceTree = "<group>";
		};
		44C361E22AB829DE00E8219A /* Preview Content */ = {
			isa = PBXGroup;
			children = (
				44C361E32AB829DE00E8219A /* Preview Assets.xcassets */,
			);
			path = "Preview Content";
			sourceTree = "<group>";
		};
		44C361EC2AB829DE00E8219A /* swiftUI-sec0-25.observableObject~Tests */ = {
			isa = PBXGroup;
			children = (
				44C361ED2AB829DE00E8219A /* swiftUI_sec0_25_observableObject_Tests.swift */,
			);
			path = "swiftUI-sec0-25.observableObject~Tests";
			sourceTree = "<group>";
		};
		44C361F62AB829DE00E8219A /* swiftUI-sec0-25.observableObject~UITests */ = {
			isa = PBXGroup;
			children = (
				44C361F72AB829DE00E8219A /* swiftUI_sec0_25_observableObject_UITests.swift */,
				44C361F92AB829DE00E8219A /* swiftUI_sec0_25_observableObject_UITestsLaunchTests.swift */,
			);
			path = "swiftUI-sec0-25.observableObject~UITests";
			sourceTree = "<group>";
		};
/* End PBXGroup section */

/* Begin PBXNativeTarget section */
		44C361D82AB829DC00E8219A /* swiftUI-sec0-25.observableObject~ */ = {
			isa = PBXNativeTarget;
			buildConfigurationList = 44C361FD2AB829DE00E8219A /* Build configuration list for PBXNativeTarget "swiftUI-sec0-25.observableObject~" */;
			buildPhases = (
				44C361D52AB829DC00E8219A /* Sources */,
				44C361D62AB829DC00E8219A /* Frameworks */,
				44C361D72AB829DC00E8219A /* Resources */,
			);
			buildRules = (
			);
			dependencies = (
			);
			name = "swiftUI-sec0-25.observableObject~";
			productName = "swiftUI-sec0-25.observableObject~";
			productReference = 44C361D92AB829DC00E8219A /* swiftUI-sec0-25.observableObject~.app */;
			productType = "com.apple.product-type.application";
		};
		44C361E82AB829DE00E8219A /* swiftUI-sec0-25.observableObject~Tests */ = {
			isa = PBXNativeTarget;
			buildConfigurationList = 44C362002AB829DE00E8219A /* Build configuration list for PBXNativeTarget "swiftUI-sec0-25.observableObject~Tests" */;
			buildPhases = (
				44C361E52AB829DE00E8219A /* Sources */,
				44C361E62AB829DE00E8219A /* Frameworks */,
				44C361E72AB829DE00E8219A /* Resources */,
			);
			buildRules = (
			);
			dependencies = (
				44C361EB2AB829DE00E8219A /* PBXTargetDependency */,
			);
			name = "swiftUI-sec0-25.observableObject~Tests";
			productName = "swiftUI-sec0-25.observableObject~Tests";
			productReference = 44C361E92AB829DE00E8219A /* swiftUI-sec0-25.observableObject~Tests.xctest */;
			productType = "com.apple.product-type.bundle.unit-test";
		};
		44C361F22AB829DE00E8219A /* swiftUI-sec0-25.observableObject~UITests */ = {
			isa = PBXNativeTarget;
			buildConfigurationList = 44C362032AB829DE00E8219A /* Build configuration list for PBXNativeTarget "swiftUI-sec0-25.observableObject~UITests" */;
			buildPhases = (
				44C361EF2AB829DE00E8219A /* Sources */,
				44C361F02AB829DE00E8219A /* Frameworks */,
				44C361F12AB829DE00E8219A /* Resources */,
			);
			buildRules = (
			);
			dependencies = (
				44C361F52AB829DE00E8219A /* PBXTargetDependency */,
			);
			name = "swiftUI-sec0-25.observableObject~UITests";
			productName = "swiftUI-sec0-25.observableObject~UITests";
			productReference = 44C361F32AB829DE00E8219A /* swiftUI-sec0-25.observableObject~UITests.xctest */;
			productType = "com.apple.product-type.bundle.ui-testing";
		};
/* End PBXNativeTarget section */

/* Begin PBXProject section */
		44C361D12AB829DC00E8219A /* Project object */ = {
			isa = PBXProject;
			attributes = {
				BuildIndependentTargetsInParallel = 1;
				LastSwiftUpdateCheck = 1430;
				LastUpgradeCheck = 1430;
				TargetAttributes = {
					44C361D82AB829DC00E8219A = {
						CreatedOnToolsVersion = 14.3.1;
					};
					44C361E82AB829DE00E8219A = {
						CreatedOnToolsVersion = 14.3.1;
						TestTargetID = 44C361D82AB829DC00E8219A;
					};
					44C361F22AB829DE00E8219A = {
						CreatedOnToolsVersion = 14.3.1;
						TestTargetID = 44C361D82AB829DC00E8219A;
					};
				};
			};
			buildConfigurationList = 44C361D42AB829DC00E8219A /* Build configuration list for PBXProject "swiftUI-sec0-25.observableObject~" */;
			compatibilityVersion = "Xcode 14.0";
			developmentRegion = en;
			hasScannedForEncodings = 0;
			knownRegions = (
				en,
				Base,
			);
			mainGroup = 44C361D02AB829DC00E8219A;
			productRefGroup = 44C361DA2AB829DC00E8219A /* Products */;
			projectDirPath = "";
			projectRoot = "";
			targets = (
				44C361D82AB829DC00E8219A /* swiftUI-sec0-25.observableObject~ */,
				44C361E82AB829DE00E8219A /* swiftUI-sec0-25.observableObject~Tests */,
				44C361F22AB829DE00E8219A /* swiftUI-sec0-25.observableObject~UITests */,
			);
		};
/* End PBXProject section */

/* Begin PBXResourcesBuildPhase section */
		44C361D72AB829DC00E8219A /* Resources */ = {
			isa = PBXResourcesBuildPhase;
			buildActionMask = 2147483647;
			files = (
				44C361E42AB829DE00E8219A /* Preview Assets.xcassets in Resources */,
				44C361E12AB829DE00E8219A /* Assets.xcassets in Resources */,
			);
			runOnlyForDeploymentPostprocessing = 0;
		};
		44C361E72AB829DE00E8219A /* Resources */ = {
			isa = PBXResourcesBuildPhase;
			buildActionMask = 2147483647;
			files = (
			);
			runOnlyForDeploymentPostprocessing = 0;
		};
		44C361F12AB829DE00E8219A /* Resources */ = {
			isa = PBXResourcesBuildPhase;
			buildActionMask = 2147483647;
			files = (
			);
			runOnlyForDeploymentPostprocessing = 0;
		};
/* End PBXResourcesBuildPhase section */

/* Begin PBXSourcesBuildPhase section */
		44C361D52AB829DC00E8219A /* Sources */ = {
			isa = PBXSourcesBuildPhase;
			buildActionMask = 2147483647;
			files = (
				44C361DF2AB829DC00E8219A /* ContentView.swift in Sources */,
				44C361DD2AB829DC00E8219A /* swiftUI_sec0_25_observableObject_App.swift in Sources */,
			);
			runOnlyForDeploymentPostprocessing = 0;
		};
		44C361E52AB829DE00E8219A /* Sources */ = {
			isa = PBXSourcesBuildPhase;
			buildActionMask = 2147483647;
			files = (
				44C361EE2AB829DE00E8219A /* swiftUI_sec0_25_observableObject_Tests.swift in Sources */,
			);
			runOnlyForDeploymentPostprocessing = 0;
		};
		44C361EF2AB829DE00E8219A /* Sources */ = {
			isa = PBXSourcesBuildPhase;
			buildActionMask = 2147483647;
			files = (
				44C361FA2AB829DE00E8219A /* swiftUI_sec0_25_observableObject_UITestsLaunchTests.swift in Sources */,
				44C361F82AB829DE00E8219A /* swiftUI_sec0_25_observableObject_UITests.swift in Sources */,
			);
			runOnlyForDeploymentPostprocessing = 0;
		};
/* End PBXSourcesBuildPhase section */

/* Begin PBXTargetDependency section */
		44C361EB2AB829DE00E8219A /* PBXTargetDependency */ = {
			isa = PBXTargetDependency;
			target = 44C361D82AB829DC00E8219A /* swiftUI-sec0-25.observableObject~ */;
			targetProxy = 44C361EA2AB829DE00E8219A /* PBXContainerItemProxy */;
		};
		44C361F52AB829DE00E8219A /* PBXTargetDependency */ = {
			isa = PBXTargetDependency;
			target = 44C361D82AB829DC00E8219A /* swiftUI-sec0-25.observableObject~ */;
			targetProxy = 44C361F42AB829DE00E8219A /* PBXContainerItemProxy */;
		};
/* End PBXTargetDependency section */

/* Begin XCBuildConfiguration section */
		44C361FB2AB829DE00E8219A /* Debug */ = {
			isa = XCBuildConfiguration;
			buildSettings = {
				ALWAYS_SEARCH_USER_PATHS = NO;
				CLANG_ANALYZER_NONNULL = YES;
				CLANG_ANALYZER_NUMBER_OBJECT_CONVERSION = YES_AGGRESSIVE;
				CLANG_CXX_LANGUAGE_STANDARD = "gnu++20";
				CLANG_ENABLE_MODULES = YES;
				CLANG_ENABLE_OBJC_ARC = YES;
				CLANG_ENABLE_OBJC_WEAK = YES;
				CLANG_WARN_BLOCK_CAPTURE_AUTORELEASING = YES;
				CLANG_WARN_BOOL_CONVERSION = YES;
				CLANG_WARN_COMMA = YES;
				CLANG_WARN_CONSTANT_CONVERSION = YES;
				CLANG_WARN_DEPRECATED_OBJC_IMPLEMENTATIONS = YES;
				CLANG_WARN_DIRECT_OBJC_ISA_USAGE = YES_ERROR;
				CLANG_WARN_DOCUMENTATION_COMMENTS = YES;
				CLANG_WARN_EMPTY_BODY = YES;
				CLANG_WARN_ENUM_CONVERSION = YES;
				CLANG_WARN_INFINITE_RECURSION = YES;
				CLANG_WARN_INT_CONVERSION = YES;
				CLANG_WARN_NON_LITERAL_NULL_CONVERSION = YES;
				CLANG_WARN_OBJC_IMPLICIT_RETAIN_SELF = YES;
				CLANG_WARN_OBJC_LITERAL_CONVERSION = YES;
				CLANG_WARN_OBJC_ROOT_CLASS = YES_ERROR;
				CLANG_WARN_QUOTED_INCLUDE_IN_FRAMEWORK_HEADER = YES;
				CLANG_WARN_RANGE_LOOP_ANALYSIS = YES;
				CLANG_WARN_STRICT_PROTOTYPES = YES;
				CLANG_WARN_SUSPICIOUS_MOVE = YES;
				CLANG_WARN_UNGUARDED_AVAILABILITY = YES_AGGRESSIVE;
				CLANG_WARN_UNREACHABLE_CODE = YES;
				CLANG_WARN__DUPLICATE_METHOD_MATCH = YES;
				COPY_PHASE_STRIP = NO;
				DEBUG_INFORMATION_FORMAT = dwarf;
				ENABLE_STRICT_OBJC_MSGSEND = YES;
				ENABLE_TESTABILITY = YES;
				GCC_C_LANGUAGE_STANDARD = gnu11;
				GCC_DYNAMIC_NO_PIC = NO;
				GCC_NO_COMMON_BLOCKS = YES;
				GCC_OPTIMIZATION_LEVEL = 0;
				GCC_PREPROCESSOR_DEFINITIONS = (
					"DEBUG=1",
					"$(inherited)",
				);
				GCC_WARN_64_TO_32_BIT_CONVERSION = YES;
				GCC_WARN_ABOUT_RETURN_TYPE = YES_ERROR;
				GCC_WARN_UNDECLARED_SELECTOR = YES;
				GCC_WARN_UNINITIALIZED_AUTOS = YES_AGGRESSIVE;
				GCC_WARN_UNUSED_FUNCTION = YES;
				GCC_WARN_UNUSED_VARIABLE = YES;
				IPHONEOS_DEPLOYMENT_TARGET = 16.4;
				MTL_ENABLE_DEBUG_INFO = INCLUDE_SOURCE;
				MTL_FAST_MATH = YES;
				ONLY_ACTIVE_ARCH = YES;
				SDKROOT = iphoneos;
				SWIFT_ACTIVE_COMPILATION_CONDITIONS = DEBUG;
				SWIFT_OPTIMIZATION_LEVEL = "-Onone";
			};
			name = Debug;
		};
		44C361FC2AB829DE00E8219A /* Release */ = {
			isa = XCBuildConfiguration;
			buildSettings = {
				ALWAYS_SEARCH_USER_PATHS = NO;
				CLANG_ANALYZER_NONNULL = YES;
				CLANG_ANALYZER_NUMBER_OBJECT_CONVERSION = YES_AGGRESSIVE;
				CLANG_CXX_LANGUAGE_STANDARD = "gnu++20";
				CLANG_ENABLE_MODULES = YES;
				CLANG_ENABLE_OBJC_ARC = YES;
				CLANG_ENABLE_OBJC_WEAK = YES;
				CLANG_WARN_BLOCK_CAPTURE_AUTORELEASING = YES;
				CLANG_WARN_BOOL_CONVERSION = YES;
				CLANG_WARN_COMMA = YES;
				CLANG_WARN_CONSTANT_CONVERSION = YES;
				CLANG_WARN_DEPRECATED_OBJC_IMPLEMENTATIONS = YES;
				CLANG_WARN_DIRECT_OBJC_ISA_USAGE = YES_ERROR;
				CLANG_WARN_DOCUMENTATION_COMMENTS = YES;
				CLANG_WARN_EMPTY_BODY = YES;
				CLANG_WARN_ENUM_CONVERSION = YES;
				CLANG_WARN_INFINITE_RECURSION = YES;
				CLANG_WARN_INT_CONVERSION = YES;
				CLANG_WARN_NON_LITERAL_NULL_CONVERSION = YES;
				CLANG_WARN_OBJC_IMPLICIT_RETAIN_SELF = YES;
				CLANG_WARN_OBJC_LITERAL_CONVERSION = YES;
				CLANG_WARN_OBJC_ROOT_CLASS = YES_ERROR;
				CLANG_WARN_QUOTED_INCLUDE_IN_FRAMEWORK_HEADER = YES;
				CLANG_WARN_RANGE_LOOP_ANALYSIS = YES;
				CLANG_WARN_STRICT_PROTOTYPES = YES;
				CLANG_WARN_SUSPICIOUS_MOVE = YES;
				CLANG_WARN_UNGUARDED_AVAILABILITY = YES_AGGRESSIVE;
				CLANG_WARN_UNREACHABLE_CODE = YES;
				CLANG_WARN__DUPLICATE_METHOD_MATCH = YES;
				COPY_PHASE_STRIP = NO;
				DEBUG_INFORMATION_FORMAT = "dwarf-with-dsym";
				ENABLE_NS_ASSERTIONS = NO;
				ENABLE_STRICT_OBJC_MSGSEND = YES;
				GCC_C_LANGUAGE_STANDARD = gnu11;
				GCC_NO_COMMON_BLOCKS = YES;
				GCC_WARN_64_TO_32_BIT_CONVERSION = YES;
				GCC_WARN_ABOUT_RETURN_TYPE = YES_ERROR;
				GCC_WARN_UNDECLARED_SELECTOR = YES;
				GCC_WARN_UNINITIALIZED_AUTOS = YES_AGGRESSIVE;
				GCC_WARN_UNUSED_FUNCTION = YES;
				GCC_WARN_UNUSED_VARIABLE = YES;
				IPHONEOS_DEPLOYMENT_TARGET = 16.4;
				MTL_ENABLE_DEBUG_INFO = NO;
				MTL_FAST_MATH = YES;
				SDKROOT = iphoneos;
				SWIFT_COMPILATION_MODE = wholemodule;
				SWIFT_OPTIMIZATION_LEVEL = "-O";
				VALIDATE_PRODUCT = YES;
			};
			name = Release;
		};
		44C361FE2AB829DE00E8219A /* Debug */ = {
			isa = XCBuildConfiguration;
			buildSettings = {
				ASSETCATALOG_COMPILER_APPICON_NAME = AppIcon;
				ASSETCATALOG_COMPILER_GLOBAL_ACCENT_COLOR_NAME = AccentColor;
				CODE_SIGN_STYLE = Automatic;
				CURRENT_PROJECT_VERSION = 1;
				DEVELOPMENT_ASSET_PATHS = "\"swiftUI-sec0-25.observableObject~/Preview Content\"";
				ENABLE_PREVIEWS = YES;
				GENERATE_INFOPLIST_FILE = YES;
				INFOPLIST_KEY_UIApplicationSceneManifest_Generation = YES;
				INFOPLIST_KEY_UIApplicationSupportsIndirectInputEvents = YES;
				INFOPLIST_KEY_UILaunchScreen_Generation = YES;
				INFOPLIST_KEY_UISupportedInterfaceOrientations_iPad = "UIInterfaceOrientationPortrait UIInterfaceOrientationPortraitUpsideDown UIInterfaceOrientationLandscapeLeft UIInterfaceOrientationLandscapeRight";
				INFOPLIST_KEY_UISupportedInterfaceOrientations_iPhone = "UIInterfaceOrientationPortrait UIInterfaceOrientationLandscapeLeft UIInterfaceOrientationLandscapeRight";
				LD_RUNPATH_SEARCH_PATHS = (
					"$(inherited)",
					"@executable_path/Frameworks",
				);
				MARKETING_VERSION = 1.0;
				PRODUCT_BUNDLE_IDENTIFIER = "com.abc.swiftUI-sec0-25-observableObject-";
				PRODUCT_NAME = "$(TARGET_NAME)";
				SWIFT_EMIT_LOC_STRINGS = YES;
				SWIFT_VERSION = 5.0;
				TARGETED_DEVICE_FAMILY = "1,2";
			};
			name = Debug;
		};
		44C361FF2AB829DE00E8219A /* Release */ = {
			isa = XCBuildConfiguration;
			buildSettings = {
				ASSETCATALOG_COMPILER_APPICON_NAME = AppIcon;
				ASSETCATALOG_COMPILER_GLOBAL_ACCENT_COLOR_NAME = AccentColor;
				CODE_SIGN_STYLE = Automatic;
				CURRENT_PROJECT_VERSION = 1;
				DEVELOPMENT_ASSET_PATHS = "\"swiftUI-sec0-25.observableObject~/Preview Content\"";
				ENABLE_PREVIEWS = YES;
				GENERATE_INFOPLIST_FILE = YES;
				INFOPLIST_KEY_UIApplicationSceneManifest_Generation = YES;
				INFOPLIST_KEY_UIApplicationSupportsIndirectInputEvents = YES;
				INFOPLIST_KEY_UILaunchScreen_Generation = YES;
				INFOPLIST_KEY_UISupportedInterfaceOrientations_iPad = "UIInterfaceOrientationPortrait UIInterfaceOrientationPortraitUpsideDown UIInterfaceOrientationLandscapeLeft UIInterfaceOrientationLandscapeRight";
				INFOPLIST_KEY_UISupportedInterfaceOrientations_iPhone = "UIInterfaceOrientationPortrait UIInterfaceOrientationLandscapeLeft UIInterfaceOrientationLandscapeRight";
				LD_RUNPATH_SEARCH_PATHS = (
					"$(inherited)",
					"@executable_path/Frameworks",
				);
				MARKETING_VERSION = 1.0;
				PRODUCT_BUNDLE_IDENTIFIER = "com.abc.swiftUI-sec0-25-observableObject-";
				PRODUCT_NAME = "$(TARGET_NAME)";
				SWIFT_EMIT_LOC_STRINGS = YES;
				SWIFT_VERSION = 5.0;
				TARGETED_DEVICE_FAMILY = "1,2";
			};
			name = Release;
		};
		44C362012AB829DE00E8219A /* Debug */ = {
			isa = XCBuildConfiguration;
			buildSettings = {
				ALWAYS_EMBED_SWIFT_STANDARD_LIBRARIES = YES;
				BUNDLE_LOADER = "$(TEST_HOST)";
				CODE_SIGN_STYLE = Automatic;
				CURRENT_PROJECT_VERSION = 1;
				GENERATE_INFOPLIST_FILE = YES;
				IPHONEOS_DEPLOYMENT_TARGET = 16.4;
				MARKETING_VERSION = 1.0;
				PRODUCT_BUNDLE_IDENTIFIER = "com.abc.swiftUI-sec0-25-observableObject-Tests";
				PRODUCT_NAME = "$(TARGET_NAME)";
				SWIFT_EMIT_LOC_STRINGS = NO;
				SWIFT_VERSION = 5.0;
				TARGETED_DEVICE_FAMILY = "1,2";
				TEST_HOST = "$(BUILT_PRODUCTS_DIR)/swiftUI-sec0-25.observableObject~.app/$(BUNDLE_EXECUTABLE_FOLDER_PATH)/swiftUI-sec0-25.observableObject~";
			};
			name = Debug;
		};
		44C362022AB829DE00E8219A /* Release */ = {
			isa = XCBuildConfiguration;
			buildSettings = {
				ALWAYS_EMBED_SWIFT_STANDARD_LIBRARIES = YES;
				BUNDLE_LOADER = "$(TEST_HOST)";
				CODE_SIGN_STYLE = Automatic;
				CURRENT_PROJECT_VERSION = 1;
				GENERATE_INFOPLIST_FILE = YES;
				IPHONEOS_DEPLOYMENT_TARGET = 16.4;
				MARKETING_VERSION = 1.0;
				PRODUCT_BUNDLE_IDENTIFIER = "com.abc.swiftUI-sec0-25-observableObject-Tests";
				PRODUCT_NAME = "$(TARGET_NAME)";
				SWIFT_EMIT_LOC_STRINGS = NO;
				SWIFT_VERSION = 5.0;
				TARGETED_DEVICE_FAMILY = "1,2";
				TEST_HOST = "$(BUILT_PRODUCTS_DIR)/swiftUI-sec0-25.observableObject~.app/$(BUNDLE_EXECUTABLE_FOLDER_PATH)/swiftUI-sec0-25.observableObject~";
			};
			name = Release;
		};
		44C362042AB829DE00E8219A /* Debug */ = {
			isa = XCBuildConfiguration;
			buildSettings = {
				ALWAYS_EMBED_SWIFT_STANDARD_LIBRARIES = YES;
				CODE_SIGN_STYLE = Automatic;
				CURRENT_PROJECT_VERSION = 1;
				GENERATE_INFOPLIST_FILE = YES;
				MARKETING_VERSION = 1.0;
				PRODUCT_BUNDLE_IDENTIFIER = "com.abc.swiftUI-sec0-25-observableObject-UITests";
				PRODUCT_NAME = "$(TARGET_NAME)";
				SWIFT_EMIT_LOC_STRINGS = NO;
				SWIFT_VERSION = 5.0;
				TARGETED_DEVICE_FAMILY = "1,2";
				TEST_TARGET_NAME = "swiftUI-sec0-25.observableObject~";
			};
			name = Debug;
		};
		44C362052AB829DE00E8219A /* Release */ = {
			isa = XCBuildConfiguration;
			buildSettings = {
				ALWAYS_EMBED_SWIFT_STANDARD_LIBRARIES = YES;
				CODE_SIGN_STYLE = Automatic;
				CURRENT_PROJECT_VERSION = 1;
				GENERATE_INFOPLIST_FILE = YES;
				MARKETING_VERSION = 1.0;
				PRODUCT_BUNDLE_IDENTIFIER = "com.abc.swiftUI-sec0-25-observableObject-UITests";
				PRODUCT_NAME = "$(TARGET_NAME)";
				SWIFT_EMIT_LOC_STRINGS = NO;
				SWIFT_VERSION = 5.0;
				TARGETED_DEVICE_FAMILY = "1,2";
				TEST_TARGET_NAME = "swiftUI-sec0-25.observableObject~";
			};
			name = Release;
		};
/* End XCBuildConfiguration section */

/* Begin XCConfigurationList section */
		44C361D42AB829DC00E8219A /* Build configuration list for PBXProject "swiftUI-sec0-25.observableObject~" */ = {
			isa = XCConfigurationList;
			buildConfigurations = (
				44C361FB2AB829DE00E8219A /* Debug */,
				44C361FC2AB829DE00E8219A /* Release */,
			);
			defaultConfigurationIsVisible = 0;
			defaultConfigurationName = Release;
		};
		44C361FD2AB829DE00E8219A /* Build configuration list for PBXNativeTarget "swiftUI-sec0-25.observableObject~" */ = {
			isa = XCConfigurationList;
			buildConfigurations = (
				44C361FE2AB829DE00E8219A /* Debug */,
				44C361FF2AB829DE00E8219A /* Release */,
			);
			defaultConfigurationIsVisible = 0;
			defaultConfigurationName = Release;
		};
		44C362002AB829DE00E8219A /* Build configuration list for PBXNativeTarget "swiftUI-sec0-25.observableObject~Tests" */ = {
			isa = XCConfigurationList;
			buildConfigurations = (
				44C362012AB829DE00E8219A /* Debug */,
				44C362022AB829DE00E8219A /* Release */,
			);
			defaultConfigurationIsVisible = 0;
			defaultConfigurationName = Release;
		};
		44C362032AB829DE00E8219A /* Build configuration list for PBXNativeTarget "swiftUI-sec0-25.observableObject~UITests" */ = {
			isa = XCConfigurationList;
			buildConfigurations = (
				44C362042AB829DE00E8219A /* Debug */,
				44C362052AB829DE00E8219A /* Release */,
			);
			defaultConfigurationIsVisible = 0;
			defaultConfigurationName = Release;
		};
/* End XCConfigurationList section */
	};
	rootObject = 44C361D12AB829DC00E8219A /* Project object */;
}
