// !$*UTF8*$!
{
	archiveVersion = 1;
	classes = {
	};
	objectVersion = 56;
	objects = {

/* Begin PBXBuildFile section */
		44C361712AB801D300E8219A /* swiftUI_sec0_18_tabview_App.swift in Sources */ = {isa = PBXBuildFile; fileRef = 44C361702AB801D300E8219A /* swiftUI_sec0_18_tabview_App.swift */; };
		44C361732AB801D300E8219A /* ContentView.swift in Sources */ = {isa = PBXBuildFile; fileRef = 44C361722AB801D300E8219A /* ContentView.swift */; };
		44C361752AB801D500E8219A /* Assets.xcassets in Resources */ = {isa = PBXBuildFile; fileRef = 44C361742AB801D500E8219A /* Assets.xcassets */; };
		44C361782AB801D500E8219A /* Preview Assets.xcassets in Resources */ = {isa = PBXBuildFile; fileRef = 44C361772AB801D500E8219A /* Preview Assets.xcassets */; };
		44C361822AB801D500E8219A /* swiftUI_sec0_18_tabview_Tests.swift in Sources */ = {isa = PBXBuildFile; fileRef = 44C361812AB801D500E8219A /* swiftUI_sec0_18_tabview_Tests.swift */; };
		44C3618C2AB801D500E8219A /* swiftUI_sec0_18_tabview_UITests.swift in Sources */ = {isa = PBXBuildFile; fileRef = 44C3618B2AB801D500E8219A /* swiftUI_sec0_18_tabview_UITests.swift */; };
		44C3618E2AB801D500E8219A /* swiftUI_sec0_18_tabview_UITestsLaunchTests.swift in Sources */ = {isa = PBXBuildFile; fileRef = 44C3618D2AB801D500E8219A /* swiftUI_sec0_18_tabview_UITestsLaunchTests.swift */; };
/* End PBXBuildFile section */

/* Begin PBXContainerItemProxy section */
		44C3617E2AB801D500E8219A /* PBXContainerItemProxy */ = {
			isa = PBXContainerItemProxy;
			containerPortal = 44C361652AB801D300E8219A /* Project object */;
			proxyType = 1;
			remoteGlobalIDString = 44C3616C2AB801D300E8219A;
			remoteInfo = "swiftUI-sec0-18.tabview~";
		};
		44C361882AB801D500E8219A /* PBXContainerItemProxy */ = {
			isa = PBXContainerItemProxy;
			containerPortal = 44C361652AB801D300E8219A /* Project object */;
			proxyType = 1;
			remoteGlobalIDString = 44C3616C2AB801D300E8219A;
			remoteInfo = "swiftUI-sec0-18.tabview~";
		};
/* End PBXContainerItemProxy section */

/* Begin PBXFileReference section */
		44C3616D2AB801D300E8219A /* swiftUI-sec0-18.tabview~.app */ = {isa = PBXFileReference; explicitFileType = wrapper.application; includeInIndex = 0; path = "swiftUI-sec0-18.tabview~.app"; sourceTree = BUILT_PRODUCTS_DIR; };
		44C361702AB801D300E8219A /* swiftUI_sec0_18_tabview_App.swift */ = {isa = PBXFileReference; lastKnownFileType = sourcecode.swift; path = swiftUI_sec0_18_tabview_App.swift; sourceTree = "<group>"; };
		44C361722AB801D300E8219A /* ContentView.swift */ = {isa = PBXFileReference; lastKnownFileType = sourcecode.swift; path = ContentView.swift; sourceTree = "<group>"; };
		44C361742AB801D500E8219A /* Assets.xcassets */ = {isa = PBXFileReference; lastKnownFileType = folder.assetcatalog; path = Assets.xcassets; sourceTree = "<group>"; };
		44C361772AB801D500E8219A /* Preview Assets.xcassets */ = {isa = PBXFileReference; lastKnownFileType = folder.assetcatalog; path = "Preview Assets.xcassets"; sourceTree = "<group>"; };
		44C3617D2AB801D500E8219A /* swiftUI-sec0-18.tabview~Tests.xctest */ = {isa = PBXFileReference; explicitFileType = wrapper.cfbundle; includeInIndex = 0; path = "swiftUI-sec0-18.tabview~Tests.xctest"; sourceTree = BUILT_PRODUCTS_DIR; };
		44C361812AB801D500E8219A /* swiftUI_sec0_18_tabview_Tests.swift */ = {isa = PBXFileReference; lastKnownFileType = sourcecode.swift; path = swiftUI_sec0_18_tabview_Tests.swift; sourceTree = "<group>"; };
		44C361872AB801D500E8219A /* swiftUI-sec0-18.tabview~UITests.xctest */ = {isa = PBXFileReference; explicitFileType = wrapper.cfbundle; includeInIndex = 0; path = "swiftUI-sec0-18.tabview~UITests.xctest"; sourceTree = BUILT_PRODUCTS_DIR; };
		44C3618B2AB801D500E8219A /* swiftUI_sec0_18_tabview_UITests.swift */ = {isa = PBXFileReference; lastKnownFileType = sourcecode.swift; path = swiftUI_sec0_18_tabview_UITests.swift; sourceTree = "<group>"; };
		44C3618D2AB801D500E8219A /* swiftUI_sec0_18_tabview_UITestsLaunchTests.swift */ = {isa = PBXFileReference; lastKnownFileType = sourcecode.swift; path = swiftUI_sec0_18_tabview_UITestsLaunchTests.swift; sourceTree = "<group>"; };
/* End PBXFileReference section */

/* Begin PBXFrameworksBuildPhase section */
		44C3616A2AB801D300E8219A /* Frameworks */ = {
			isa = PBXFrameworksBuildPhase;
			buildActionMask = 2147483647;
			files = (
			);
			runOnlyForDeploymentPostprocessing = 0;
		};
		44C3617A2AB801D500E8219A /* Frameworks */ = {
			isa = PBXFrameworksBuildPhase;
			buildActionMask = 2147483647;
			files = (
			);
			runOnlyForDeploymentPostprocessing = 0;
		};
		44C361842AB801D500E8219A /* Frameworks */ = {
			isa = PBXFrameworksBuildPhase;
			buildActionMask = 2147483647;
			files = (
			);
			runOnlyForDeploymentPostprocessing = 0;
		};
/* End PBXFrameworksBuildPhase section */

/* Begin PBXGroup section */
		44C361642AB801D300E8219A = {
			isa = PBXGroup;
			children = (
				44C3616F2AB801D300E8219A /* swiftUI-sec0-18.tabview~ */,
				44C361802AB801D500E8219A /* swiftUI-sec0-18.tabview~Tests */,
				44C3618A2AB801D500E8219A /* swiftUI-sec0-18.tabview~UITests */,
				44C3616E2AB801D300E8219A /* Products */,
			);
			sourceTree = "<group>";
		};
		44C3616E2AB801D300E8219A /* Products */ = {
			isa = PBXGroup;
			children = (
				44C3616D2AB801D300E8219A /* swiftUI-sec0-18.tabview~.app */,
				44C3617D2AB801D500E8219A /* swiftUI-sec0-18.tabview~Tests.xctest */,
				44C361872AB801D500E8219A /* swiftUI-sec0-18.tabview~UITests.xctest */,
			);
			name = Products;
			sourceTree = "<group>";
		};
		44C3616F2AB801D300E8219A /* swiftUI-sec0-18.tabview~ */ = {
			isa = PBXGroup;
			children = (
				44C361702AB801D300E8219A /* swiftUI_sec0_18_tabview_App.swift */,
				44C361722AB801D300E8219A /* ContentView.swift */,
				44C361742AB801D500E8219A /* Assets.xcassets */,
				44C361762AB801D500E8219A /* Preview Content */,
			);
			path = "swiftUI-sec0-18.tabview~";
			sourceTree = "<group>";
		};
		44C361762AB801D500E8219A /* Preview Content */ = {
			isa = PBXGroup;
			children = (
				44C361772AB801D500E8219A /* Preview Assets.xcassets */,
			);
			path = "Preview Content";
			sourceTree = "<group>";
		};
		44C361802AB801D500E8219A /* swiftUI-sec0-18.tabview~Tests */ = {
			isa = PBXGroup;
			children = (
				44C361812AB801D500E8219A /* swiftUI_sec0_18_tabview_Tests.swift */,
			);
			path = "swiftUI-sec0-18.tabview~Tests";
			sourceTree = "<group>";
		};
		44C3618A2AB801D500E8219A /* swiftUI-sec0-18.tabview~UITests */ = {
			isa = PBXGroup;
			children = (
				44C3618B2AB801D500E8219A /* swiftUI_sec0_18_tabview_UITests.swift */,
				44C3618D2AB801D500E8219A /* swiftUI_sec0_18_tabview_UITestsLaunchTests.swift */,
			);
			path = "swiftUI-sec0-18.tabview~UITests";
			sourceTree = "<group>";
		};
/* End PBXGroup section */

/* Begin PBXNativeTarget section */
		44C3616C2AB801D300E8219A /* swiftUI-sec0-18.tabview~ */ = {
			isa = PBXNativeTarget;
			buildConfigurationList = 44C361912AB801D500E8219A /* Build configuration list for PBXNativeTarget "swiftUI-sec0-18.tabview~" */;
			buildPhases = (
				44C361692AB801D300E8219A /* Sources */,
				44C3616A2AB801D300E8219A /* Frameworks */,
				44C3616B2AB801D300E8219A /* Resources */,
			);
			buildRules = (
			);
			dependencies = (
			);
			name = "swiftUI-sec0-18.tabview~";
			productName = "swiftUI-sec0-18.tabview~";
			productReference = 44C3616D2AB801D300E8219A /* swiftUI-sec0-18.tabview~.app */;
			productType = "com.apple.product-type.application";
		};
		44C3617C2AB801D500E8219A /* swiftUI-sec0-18.tabview~Tests */ = {
			isa = PBXNativeTarget;
			buildConfigurationList = 44C361942AB801D500E8219A /* Build configuration list for PBXNativeTarget "swiftUI-sec0-18.tabview~Tests" */;
			buildPhases = (
				44C361792AB801D500E8219A /* Sources */,
				44C3617A2AB801D500E8219A /* Frameworks */,
				44C3617B2AB801D500E8219A /* Resources */,
			);
			buildRules = (
			);
			dependencies = (
				44C3617F2AB801D500E8219A /* PBXTargetDependency */,
			);
			name = "swiftUI-sec0-18.tabview~Tests";
			productName = "swiftUI-sec0-18.tabview~Tests";
			productReference = 44C3617D2AB801D500E8219A /* swiftUI-sec0-18.tabview~Tests.xctest */;
			productType = "com.apple.product-type.bundle.unit-test";
		};
		44C361862AB801D500E8219A /* swiftUI-sec0-18.tabview~UITests */ = {
			isa = PBXNativeTarget;
			buildConfigurationList = 44C361972AB801D500E8219A /* Build configuration list for PBXNativeTarget "swiftUI-sec0-18.tabview~UITests" */;
			buildPhases = (
				44C361832AB801D500E8219A /* Sources */,
				44C361842AB801D500E8219A /* Frameworks */,
				44C361852AB801D500E8219A /* Resources */,
			);
			buildRules = (
			);
			dependencies = (
				44C361892AB801D500E8219A /* PBXTargetDependency */,
			);
			name = "swiftUI-sec0-18.tabview~UITests";
			productName = "swiftUI-sec0-18.tabview~UITests";
			productReference = 44C361872AB801D500E8219A /* swiftUI-sec0-18.tabview~UITests.xctest */;
			productType = "com.apple.product-type.bundle.ui-testing";
		};
/* End PBXNativeTarget section */

/* Begin PBXProject section */
		44C361652AB801D300E8219A /* Project object */ = {
			isa = PBXProject;
			attributes = {
				BuildIndependentTargetsInParallel = 1;
				LastSwiftUpdateCheck = 1430;
				LastUpgradeCheck = 1430;
				TargetAttributes = {
					44C3616C2AB801D300E8219A = {
						CreatedOnToolsVersion = 14.3.1;
					};
					44C3617C2AB801D500E8219A = {
						CreatedOnToolsVersion = 14.3.1;
						TestTargetID = 44C3616C2AB801D300E8219A;
					};
					44C361862AB801D500E8219A = {
						CreatedOnToolsVersion = 14.3.1;
						TestTargetID = 44C3616C2AB801D300E8219A;
					};
				};
			};
			buildConfigurationList = 44C361682AB801D300E8219A /* Build configuration list for PBXProject "swiftUI-sec0-18.tabview~" */;
			compatibilityVersion = "Xcode 14.0";
			developmentRegion = en;
			hasScannedForEncodings = 0;
			knownRegions = (
				en,
				Base,
			);
			mainGroup = 44C361642AB801D300E8219A;
			productRefGroup = 44C3616E2AB801D300E8219A /* Products */;
			projectDirPath = "";
			projectRoot = "";
			targets = (
				44C3616C2AB801D300E8219A /* swiftUI-sec0-18.tabview~ */,
				44C3617C2AB801D500E8219A /* swiftUI-sec0-18.tabview~Tests */,
				44C361862AB801D500E8219A /* swiftUI-sec0-18.tabview~UITests */,
			);
		};
/* End PBXProject section */

/* Begin PBXResourcesBuildPhase section */
		44C3616B2AB801D300E8219A /* Resources */ = {
			isa = PBXResourcesBuildPhase;
			buildActionMask = 2147483647;
			files = (
				44C361782AB801D500E8219A /* Preview Assets.xcassets in Resources */,
				44C361752AB801D500E8219A /* Assets.xcassets in Resources */,
			);
			runOnlyForDeploymentPostprocessing = 0;
		};
		44C3617B2AB801D500E8219A /* Resources */ = {
			isa = PBXResourcesBuildPhase;
			buildActionMask = 2147483647;
			files = (
			);
			runOnlyForDeploymentPostprocessing = 0;
		};
		44C361852AB801D500E8219A /* Resources */ = {
			isa = PBXResourcesBuildPhase;
			buildActionMask = 2147483647;
			files = (
			);
			runOnlyForDeploymentPostprocessing = 0;
		};
/* End PBXResourcesBuildPhase section */

/* Begin PBXSourcesBuildPhase section */
		44C361692AB801D300E8219A /* Sources */ = {
			isa = PBXSourcesBuildPhase;
			buildActionMask = 2147483647;
			files = (
				44C361732AB801D300E8219A /* ContentView.swift in Sources */,
				44C361712AB801D300E8219A /* swiftUI_sec0_18_tabview_App.swift in Sources */,
			);
			runOnlyForDeploymentPostprocessing = 0;
		};
		44C361792AB801D500E8219A /* Sources */ = {
			isa = PBXSourcesBuildPhase;
			buildActionMask = 2147483647;
			files = (
				44C361822AB801D500E8219A /* swiftUI_sec0_18_tabview_Tests.swift in Sources */,
			);
			runOnlyForDeploymentPostprocessing = 0;
		};
		44C361832AB801D500E8219A /* Sources */ = {
			isa = PBXSourcesBuildPhase;
			buildActionMask = 2147483647;
			files = (
				44C3618C2AB801D500E8219A /* swiftUI_sec0_18_tabview_UITests.swift in Sources */,
				44C3618E2AB801D500E8219A /* swiftUI_sec0_18_tabview_UITestsLaunchTests.swift in Sources */,
			);
			runOnlyForDeploymentPostprocessing = 0;
		};
/* End PBXSourcesBuildPhase section */

/* Begin PBXTargetDependency section */
		44C3617F2AB801D500E8219A /* PBXTargetDependency */ = {
			isa = PBXTargetDependency;
			target = 44C3616C2AB801D300E8219A /* swiftUI-sec0-18.tabview~ */;
			targetProxy = 44C3617E2AB801D500E8219A /* PBXContainerItemProxy */;
		};
		44C361892AB801D500E8219A /* PBXTargetDependency */ = {
			isa = PBXTargetDependency;
			target = 44C3616C2AB801D300E8219A /* swiftUI-sec0-18.tabview~ */;
			targetProxy = 44C361882AB801D500E8219A /* PBXContainerItemProxy */;
		};
/* End PBXTargetDependency section */

/* Begin XCBuildConfiguration section */
		44C3618F2AB801D500E8219A /* Debug */ = {
			isa = XCBuildConfiguration;
			buildSettings = {
				ALWAYS_SEARCH_USER_PATHS = NO;
				CLANG_ANALYZER_NONNULL = YES;
				CLANG_ANALYZER_NUMBER_OBJECT_CONVERSION = YES_AGGRESSIVE;
				CLANG_CXX_LANGUAGE_STANDARD = "gnu++20";
				CLANG_ENABLE_MODULES = YES;
				CLANG_ENABLE_OBJC_ARC = YES;
				CLANG_ENABLE_OBJC_WEAK = YES;
				CLANG_WARN_BLOCK_CAPTURE_AUTORELEASING = YES;
				CLANG_WARN_BOOL_CONVERSION = YES;
				CLANG_WARN_COMMA = YES;
				CLANG_WARN_CONSTANT_CONVERSION = YES;
				CLANG_WARN_DEPRECATED_OBJC_IMPLEMENTATIONS = YES;
				CLANG_WARN_DIRECT_OBJC_ISA_USAGE = YES_ERROR;
				CLANG_WARN_DOCUMENTATION_COMMENTS = YES;
				CLANG_WARN_EMPTY_BODY = YES;
				CLANG_WARN_ENUM_CONVERSION = YES;
				CLANG_WARN_INFINITE_RECURSION = YES;
				CLANG_WARN_INT_CONVERSION = YES;
				CLANG_WARN_NON_LITERAL_NULL_CONVERSION = YES;
				CLANG_WARN_OBJC_IMPLICIT_RETAIN_SELF = YES;
				CLANG_WARN_OBJC_LITERAL_CONVERSION = YES;
				CLANG_WARN_OBJC_ROOT_CLASS = YES_ERROR;
				CLANG_WARN_QUOTED_INCLUDE_IN_FRAMEWORK_HEADER = YES;
				CLANG_WARN_RANGE_LOOP_ANALYSIS = YES;
				CLANG_WARN_STRICT_PROTOTYPES = YES;
				CLANG_WARN_SUSPICIOUS_MOVE = YES;
				CLANG_WARN_UNGUARDED_AVAILABILITY = YES_AGGRESSIVE;
				CLANG_WARN_UNREACHABLE_CODE = YES;
				CLANG_WARN__DUPLICATE_METHOD_MATCH = YES;
				COPY_PHASE_STRIP = NO;
				DEBUG_INFORMATION_FORMAT = dwarf;
				ENABLE_STRICT_OBJC_MSGSEND = YES;
				ENABLE_TESTABILITY = YES;
				GCC_C_LANGUAGE_STANDARD = gnu11;
				GCC_DYNAMIC_NO_PIC = NO;
				GCC_NO_COMMON_BLOCKS = YES;
				GCC_OPTIMIZATION_LEVEL = 0;
				GCC_PREPROCESSOR_DEFINITIONS = (
					"DEBUG=1",
					"$(inherited)",
				);
				GCC_WARN_64_TO_32_BIT_CONVERSION = YES;
				GCC_WARN_ABOUT_RETURN_TYPE = YES_ERROR;
				GCC_WARN_UNDECLARED_SELECTOR = YES;
				GCC_WARN_UNINITIALIZED_AUTOS = YES_AGGRESSIVE;
				GCC_WARN_UNUSED_FUNCTION = YES;
				GCC_WARN_UNUSED_VARIABLE = YES;
				IPHONEOS_DEPLOYMENT_TARGET = 16.4;
				MTL_ENABLE_DEBUG_INFO = INCLUDE_SOURCE;
				MTL_FAST_MATH = YES;
				ONLY_ACTIVE_ARCH = YES;
				SDKROOT = iphoneos;
				SWIFT_ACTIVE_COMPILATION_CONDITIONS = DEBUG;
				SWIFT_OPTIMIZATION_LEVEL = "-Onone";
			};
			name = Debug;
		};
		44C361902AB801D500E8219A /* Release */ = {
			isa = XCBuildConfiguration;
			buildSettings = {
				ALWAYS_SEARCH_USER_PATHS = NO;
				CLANG_ANALYZER_NONNULL = YES;
				CLANG_ANALYZER_NUMBER_OBJECT_CONVERSION = YES_AGGRESSIVE;
				CLANG_CXX_LANGUAGE_STANDARD = "gnu++20";
				CLANG_ENABLE_MODULES = YES;
				CLANG_ENABLE_OBJC_ARC = YES;
				CLANG_ENABLE_OBJC_WEAK = YES;
				CLANG_WARN_BLOCK_CAPTURE_AUTORELEASING = YES;
				CLANG_WARN_BOOL_CONVERSION = YES;
				CLANG_WARN_COMMA = YES;
				CLANG_WARN_CONSTANT_CONVERSION = YES;
				CLANG_WARN_DEPRECATED_OBJC_IMPLEMENTATIONS = YES;
				CLANG_WARN_DIRECT_OBJC_ISA_USAGE = YES_ERROR;
				CLANG_WARN_DOCUMENTATION_COMMENTS = YES;
				CLANG_WARN_EMPTY_BODY = YES;
				CLANG_WARN_ENUM_CONVERSION = YES;
				CLANG_WARN_INFINITE_RECURSION = YES;
				CLANG_WARN_INT_CONVERSION = YES;
				CLANG_WARN_NON_LITERAL_NULL_CONVERSION = YES;
				CLANG_WARN_OBJC_IMPLICIT_RETAIN_SELF = YES;
				CLANG_WARN_OBJC_LITERAL_CONVERSION = YES;
				CLANG_WARN_OBJC_ROOT_CLASS = YES_ERROR;
				CLANG_WARN_QUOTED_INCLUDE_IN_FRAMEWORK_HEADER = YES;
				CLANG_WARN_RANGE_LOOP_ANALYSIS = YES;
				CLANG_WARN_STRICT_PROTOTYPES = YES;
				CLANG_WARN_SUSPICIOUS_MOVE = YES;
				CLANG_WARN_UNGUARDED_AVAILABILITY = YES_AGGRESSIVE;
				CLANG_WARN_UNREACHABLE_CODE = YES;
				CLANG_WARN__DUPLICATE_METHOD_MATCH = YES;
				COPY_PHASE_STRIP = NO;
				DEBUG_INFORMATION_FORMAT = "dwarf-with-dsym";
				ENABLE_NS_ASSERTIONS = NO;
				ENABLE_STRICT_OBJC_MSGSEND = YES;
				GCC_C_LANGUAGE_STANDARD = gnu11;
				GCC_NO_COMMON_BLOCKS = YES;
				GCC_WARN_64_TO_32_BIT_CONVERSION = YES;
				GCC_WARN_ABOUT_RETURN_TYPE = YES_ERROR;
				GCC_WARN_UNDECLARED_SELECTOR = YES;
				GCC_WARN_UNINITIALIZED_AUTOS = YES_AGGRESSIVE;
				GCC_WARN_UNUSED_FUNCTION = YES;
				GCC_WARN_UNUSED_VARIABLE = YES;
				IPHONEOS_DEPLOYMENT_TARGET = 16.4;
				MTL_ENABLE_DEBUG_INFO = NO;
				MTL_FAST_MATH = YES;
				SDKROOT = iphoneos;
				SWIFT_COMPILATION_MODE = wholemodule;
				SWIFT_OPTIMIZATION_LEVEL = "-O";
				VALIDATE_PRODUCT = YES;
			};
			name = Release;
		};
		44C361922AB801D500E8219A /* Debug */ = {
			isa = XCBuildConfiguration;
			buildSettings = {
				ASSETCATALOG_COMPILER_APPICON_NAME = AppIcon;
				ASSETCATALOG_COMPILER_GLOBAL_ACCENT_COLOR_NAME = AccentColor;
				CODE_SIGN_STYLE = Automatic;
				CURRENT_PROJECT_VERSION = 1;
				DEVELOPMENT_ASSET_PATHS = "\"swiftUI-sec0-18.tabview~/Preview Content\"";
				ENABLE_PREVIEWS = YES;
				GENERATE_INFOPLIST_FILE = YES;
				INFOPLIST_KEY_UIApplicationSceneManifest_Generation = YES;
				INFOPLIST_KEY_UIApplicationSupportsIndirectInputEvents = YES;
				INFOPLIST_KEY_UILaunchScreen_Generation = YES;
				INFOPLIST_KEY_UISupportedInterfaceOrientations_iPad = "UIInterfaceOrientationPortrait UIInterfaceOrientationPortraitUpsideDown UIInterfaceOrientationLandscapeLeft UIInterfaceOrientationLandscapeRight";
				INFOPLIST_KEY_UISupportedInterfaceOrientations_iPhone = "UIInterfaceOrientationPortrait UIInterfaceOrientationLandscapeLeft UIInterfaceOrientationLandscapeRight";
				LD_RUNPATH_SEARCH_PATHS = (
					"$(inherited)",
					"@executable_path/Frameworks",
				);
				MARKETING_VERSION = 1.0;
				PRODUCT_BUNDLE_IDENTIFIER = "com.abc.swiftUI-sec0-18-tabview-";
				PRODUCT_NAME = "$(TARGET_NAME)";
				SWIFT_EMIT_LOC_STRINGS = YES;
				SWIFT_VERSION = 5.0;
				TARGETED_DEVICE_FAMILY = "1,2";
			};
			name = Debug;
		};
		44C361932AB801D500E8219A /* Release */ = {
			isa = XCBuildConfiguration;
			buildSettings = {
				ASSETCATALOG_COMPILER_APPICON_NAME = AppIcon;
				ASSETCATALOG_COMPILER_GLOBAL_ACCENT_COLOR_NAME = AccentColor;
				CODE_SIGN_STYLE = Automatic;
				CURRENT_PROJECT_VERSION = 1;
				DEVELOPMENT_ASSET_PATHS = "\"swiftUI-sec0-18.tabview~/Preview Content\"";
				ENABLE_PREVIEWS = YES;
				GENERATE_INFOPLIST_FILE = YES;
				INFOPLIST_KEY_UIApplicationSceneManifest_Generation = YES;
				INFOPLIST_KEY_UIApplicationSupportsIndirectInputEvents = YES;
				INFOPLIST_KEY_UILaunchScreen_Generation = YES;
				INFOPLIST_KEY_UISupportedInterfaceOrientations_iPad = "UIInterfaceOrientationPortrait UIInterfaceOrientationPortraitUpsideDown UIInterfaceOrientationLandscapeLeft UIInterfaceOrientationLandscapeRight";
				INFOPLIST_KEY_UISupportedInterfaceOrientations_iPhone = "UIInterfaceOrientationPortrait UIInterfaceOrientationLandscapeLeft UIInterfaceOrientationLandscapeRight";
				LD_RUNPATH_SEARCH_PATHS = (
					"$(inherited)",
					"@executable_path/Frameworks",
				);
				MARKETING_VERSION = 1.0;
				PRODUCT_BUNDLE_IDENTIFIER = "com.abc.swiftUI-sec0-18-tabview-";
				PRODUCT_NAME = "$(TARGET_NAME)";
				SWIFT_EMIT_LOC_STRINGS = YES;
				SWIFT_VERSION = 5.0;
				TARGETED_DEVICE_FAMILY = "1,2";
			};
			name = Release;
		};
		44C361952AB801D500E8219A /* Debug */ = {
			isa = XCBuildConfiguration;
			buildSettings = {
				ALWAYS_EMBED_SWIFT_STANDARD_LIBRARIES = YES;
				BUNDLE_LOADER = "$(TEST_HOST)";
				CODE_SIGN_STYLE = Automatic;
				CURRENT_PROJECT_VERSION = 1;
				GENERATE_INFOPLIST_FILE = YES;
				IPHONEOS_DEPLOYMENT_TARGET = 16.4;
				MARKETING_VERSION = 1.0;
				PRODUCT_BUNDLE_IDENTIFIER = "com.abc.swiftUI-sec0-18-tabview-Tests";
				PRODUCT_NAME = "$(TARGET_NAME)";
				SWIFT_EMIT_LOC_STRINGS = NO;
				SWIFT_VERSION = 5.0;
				TARGETED_DEVICE_FAMILY = "1,2";
				TEST_HOST = "$(BUILT_PRODUCTS_DIR)/swiftUI-sec0-18.tabview~.app/$(BUNDLE_EXECUTABLE_FOLDER_PATH)/swiftUI-sec0-18.tabview~";
			};
			name = Debug;
		};
		44C361962AB801D500E8219A /* Release */ = {
			isa = XCBuildConfiguration;
			buildSettings = {
				ALWAYS_EMBED_SWIFT_STANDARD_LIBRARIES = YES;
				BUNDLE_LOADER = "$(TEST_HOST)";
				CODE_SIGN_STYLE = Automatic;
				CURRENT_PROJECT_VERSION = 1;
				GENERATE_INFOPLIST_FILE = YES;
				IPHONEOS_DEPLOYMENT_TARGET = 16.4;
				MARKETING_VERSION = 1.0;
				PRODUCT_BUNDLE_IDENTIFIER = "com.abc.swiftUI-sec0-18-tabview-Tests";
				PRODUCT_NAME = "$(TARGET_NAME)";
				SWIFT_EMIT_LOC_STRINGS = NO;
				SWIFT_VERSION = 5.0;
				TARGETED_DEVICE_FAMILY = "1,2";
				TEST_HOST = "$(BUILT_PRODUCTS_DIR)/swiftUI-sec0-18.tabview~.app/$(BUNDLE_EXECUTABLE_FOLDER_PATH)/swiftUI-sec0-18.tabview~";
			};
			name = Release;
		};
		44C361982AB801D500E8219A /* Debug */ = {
			isa = XCBuildConfiguration;
			buildSettings = {
				ALWAYS_EMBED_SWIFT_STANDARD_LIBRARIES = YES;
				CODE_SIGN_STYLE = Automatic;
				CURRENT_PROJECT_VERSION = 1;
				GENERATE_INFOPLIST_FILE = YES;
				MARKETING_VERSION = 1.0;
				PRODUCT_BUNDLE_IDENTIFIER = "com.abc.swiftUI-sec0-18-tabview-UITests";
				PRODUCT_NAME = "$(TARGET_NAME)";
				SWIFT_EMIT_LOC_STRINGS = NO;
				SWIFT_VERSION = 5.0;
				TARGETED_DEVICE_FAMILY = "1,2";
				TEST_TARGET_NAME = "swiftUI-sec0-18.tabview~";
			};
			name = Debug;
		};
		44C361992AB801D500E8219A /* Release */ = {
			isa = XCBuildConfiguration;
			buildSettings = {
				ALWAYS_EMBED_SWIFT_STANDARD_LIBRARIES = YES;
				CODE_SIGN_STYLE = Automatic;
				CURRENT_PROJECT_VERSION = 1;
				GENERATE_INFOPLIST_FILE = YES;
				MARKETING_VERSION = 1.0;
				PRODUCT_BUNDLE_IDENTIFIER = "com.abc.swiftUI-sec0-18-tabview-UITests";
				PRODUCT_NAME = "$(TARGET_NAME)";
				SWIFT_EMIT_LOC_STRINGS = NO;
				SWIFT_VERSION = 5.0;
				TARGETED_DEVICE_FAMILY = "1,2";
				TEST_TARGET_NAME = "swiftUI-sec0-18.tabview~";
			};
			name = Release;
		};
/* End XCBuildConfiguration section */

/* Begin XCConfigurationList section */
		44C361682AB801D300E8219A /* Build configuration list for PBXProject "swiftUI-sec0-18.tabview~" */ = {
			isa = XCConfigurationList;
			buildConfigurations = (
				44C3618F2AB801D500E8219A /* Debug */,
				44C361902AB801D500E8219A /* Release */,
			);
			defaultConfigurationIsVisible = 0;
			defaultConfigurationName = Release;
		};
		44C361912AB801D500E8219A /* Build configuration list for PBXNativeTarget "swiftUI-sec0-18.tabview~" */ = {
			isa = XCConfigurationList;
			buildConfigurations = (
				44C361922AB801D500E8219A /* Debug */,
				44C361932AB801D500E8219A /* Release */,
			);
			defaultConfigurationIsVisible = 0;
			defaultConfigurationName = Release;
		};
		44C361942AB801D500E8219A /* Build configuration list for PBXNativeTarget "swiftUI-sec0-18.tabview~Tests" */ = {
			isa = XCConfigurationList;
			buildConfigurations = (
				44C361952AB801D500E8219A /* Debug */,
				44C361962AB801D500E8219A /* Release */,
			);
			defaultConfigurationIsVisible = 0;
			defaultConfigurationName = Release;
		};
		44C361972AB801D500E8219A /* Build configuration list for PBXNativeTarget "swiftUI-sec0-18.tabview~UITests" */ = {
			isa = XCConfigurationList;
			buildConfigurations = (
				44C361982AB801D500E8219A /* Debug */,
				44C361992AB801D500E8219A /* Release */,
			);
			defaultConfigurationIsVisible = 0;
			defaultConfigurationName = Release;
		};
/* End XCConfigurationList section */
	};
	rootObject = 44C361652AB801D300E8219A /* Project object */;
}
