// !$*UTF8*$!
{
	archiveVersion = 1;
	classes = {
	};
	objectVersion = 56;
	objects = {

/* Begin PBXBuildFile section */
		44C362072AB91F1D00E8219A /* SingleRow.swift in Sources */ = {isa = PBXBuildFile; fileRef = 44C362062AB91F1D00E8219A /* SingleRow.swift */; };
		44C362092AB922E900E8219A /* ItemStyle.swift in Sources */ = {isa = PBXBuildFile; fileRef = 44C362082AB922E900E8219A /* ItemStyle.swift */; };
		5EDC34132AB886800044A96F /* swiftUI_sec1_GridViewGalleryApp.swift in Sources */ = {isa = PBXBuildFile; fileRef = 5EDC34122AB886800044A96F /* swiftUI_sec1_GridViewGalleryApp.swift */; };
		5EDC34152AB886800044A96F /* ContentView.swift in Sources */ = {isa = PBXBuildFile; fileRef = 5EDC34142AB886800044A96F /* ContentView.swift */; };
		5EDC34172AB886810044A96F /* Assets.xcassets in Resources */ = {isa = PBXBuildFile; fileRef = 5EDC34162AB886810044A96F /* Assets.xcassets */; };
		5EDC341A2AB886810044A96F /* Preview Assets.xcassets in Resources */ = {isa = PBXBuildFile; fileRef = 5EDC34192AB886810044A96F /* Preview Assets.xcassets */; };
		5EDC34212AB887D50044A96F /* GridType.swift in Sources */ = {isa = PBXBuildFile; fileRef = 5EDC34202AB887D50044A96F /* GridType.swift */; };
		5EDC34252AB88B130044A96F /* GridTypePicker.swift in Sources */ = {isa = PBXBuildFile; fileRef = 5EDC34242AB88B130044A96F /* GridTypePicker.swift */; };
		5EDC34272AB8914A0044A96F /* Item.swift in Sources */ = {isa = PBXBuildFile; fileRef = 5EDC34262AB8914A0044A96F /* Item.swift */; };
/* End PBXBuildFile section */

/* Begin PBXFileReference section */
		44C362062AB91F1D00E8219A /* SingleRow.swift */ = {isa = PBXFileReference; lastKnownFileType = sourcecode.swift; path = SingleRow.swift; sourceTree = "<group>"; };
		44C362082AB922E900E8219A /* ItemStyle.swift */ = {isa = PBXFileReference; lastKnownFileType = sourcecode.swift; path = ItemStyle.swift; sourceTree = "<group>"; };
		5EDC340F2AB886800044A96F /* swiftUI-sec1-GridViewGallery.app */ = {isa = PBXFileReference; explicitFileType = wrapper.application; includeInIndex = 0; path = "swiftUI-sec1-GridViewGallery.app"; sourceTree = BUILT_PRODUCTS_DIR; };
		5EDC34122AB886800044A96F /* swiftUI_sec1_GridViewGalleryApp.swift */ = {isa = PBXFileReference; lastKnownFileType = sourcecode.swift; path = swiftUI_sec1_GridViewGalleryApp.swift; sourceTree = "<group>"; };
		5EDC34142AB886800044A96F /* ContentView.swift */ = {isa = PBXFileReference; lastKnownFileType = sourcecode.swift; path = ContentView.swift; sourceTree = "<group>"; };
		5EDC34162AB886810044A96F /* Assets.xcassets */ = {isa = PBXFileReference; lastKnownFileType = folder.assetcatalog; path = Assets.xcassets; sourceTree = "<group>"; };
		5EDC34192AB886810044A96F /* Preview Assets.xcassets */ = {isa = PBXFileReference; lastKnownFileType = folder.assetcatalog; path = "Preview Assets.xcassets"; sourceTree = "<group>"; };
		5EDC34202AB887D50044A96F /* GridType.swift */ = {isa = PBXFileReference; lastKnownFileType = sourcecode.swift; path = GridType.swift; sourceTree = "<group>"; };
		5EDC34242AB88B130044A96F /* GridTypePicker.swift */ = {isa = PBXFileReference; lastKnownFileType = sourcecode.swift; path = GridTypePicker.swift; sourceTree = "<group>"; };
		5EDC34262AB8914A0044A96F /* Item.swift */ = {isa = PBXFileReference; lastKnownFileType = sourcecode.swift; path = Item.swift; sourceTree = "<group>"; };
/* End PBXFileReference section */

/* Begin PBXFrameworksBuildPhase section */
		5EDC340C2AB886800044A96F /* Frameworks */ = {
			isa = PBXFrameworksBuildPhase;
			buildActionMask = 2147483647;
			files = (
			);
			runOnlyForDeploymentPostprocessing = 0;
		};
/* End PBXFrameworksBuildPhase section */

/* Begin PBXGroup section */
		5EDC34062AB886800044A96F = {
			isa = PBXGroup;
			children = (
				5EDC34112AB886800044A96F /* swiftUI-sec1-GridViewGallery */,
				5EDC34102AB886800044A96F /* Products */,
			);
			sourceTree = "<group>";
		};
		5EDC34102AB886800044A96F /* Products */ = {
			isa = PBXGroup;
			children = (
				5EDC340F2AB886800044A96F /* swiftUI-sec1-GridViewGallery.app */,
			);
			name = Products;
			sourceTree = "<group>";
		};
		5EDC34112AB886800044A96F /* swiftUI-sec1-GridViewGallery */ = {
			isa = PBXGroup;
			children = (
				5EDC34122AB886800044A96F /* swiftUI_sec1_GridViewGalleryApp.swift */,
				5EDC34142AB886800044A96F /* ContentView.swift */,
				5EDC34162AB886810044A96F /* Assets.xcassets */,
				5EDC34182AB886810044A96F /* Preview Content */,
				5EDC34202AB887D50044A96F /* GridType.swift */,
				5EDC34242AB88B130044A96F /* GridTypePicker.swift */,
				5EDC34262AB8914A0044A96F /* Item.swift */,
				44C362062AB91F1D00E8219A /* SingleRow.swift */,
				44C362082AB922E900E8219A /* ItemStyle.swift */,
			);
			path = "swiftUI-sec1-GridViewGallery";
			sourceTree = "<group>";
		};
		5EDC34182AB886810044A96F /* Preview Content */ = {
			isa = PBXGroup;
			children = (
				5EDC34192AB886810044A96F /* Preview Assets.xcassets */,
			);
			path = "Preview Content";
			sourceTree = "<group>";
		};
/* End PBXGroup section */

/* Begin PBXNativeTarget section */
		5EDC340E2AB886800044A96F /* swiftUI-sec1-GridViewGallery */ = {
			isa = PBXNativeTarget;
			buildConfigurationList = 5EDC341D2AB886810044A96F /* Build configuration list for PBXNativeTarget "swiftUI-sec1-GridViewGallery" */;
			buildPhases = (
				5EDC340B2AB886800044A96F /* Sources */,
				5EDC340C2AB886800044A96F /* Frameworks */,
				5EDC340D2AB886800044A96F /* Resources */,
			);
			buildRules = (
			);
			dependencies = (
			);
			name = "swiftUI-sec1-GridViewGallery";
			productName = "swiftUI-sec1-GridViewGallery";
			productReference = 5EDC340F2AB886800044A96F /* swiftUI-sec1-GridViewGallery.app */;
			productType = "com.apple.product-type.application";
		};
/* End PBXNativeTarget section */

/* Begin PBXProject section */
		5EDC34072AB886800044A96F /* Project object */ = {
			isa = PBXProject;
			attributes = {
				BuildIndependentTargetsInParallel = 1;
				LastSwiftUpdateCheck = 1430;
				LastUpgradeCheck = 1430;
				TargetAttributes = {
					5EDC340E2AB886800044A96F = {
						CreatedOnToolsVersion = 14.3.1;
					};
				};
			};
			buildConfigurationList = 5EDC340A2AB886800044A96F /* Build configuration list for PBXProject "swiftUI-sec1-GridViewGallery" */;
			compatibilityVersion = "Xcode 14.0";
			developmentRegion = en;
			hasScannedForEncodings = 0;
			knownRegions = (
				en,
				Base,
			);
			mainGroup = 5EDC34062AB886800044A96F;
			productRefGroup = 5EDC34102AB886800044A96F /* Products */;
			projectDirPath = "";
			projectRoot = "";
			targets = (
				5EDC340E2AB886800044A96F /* swiftUI-sec1-GridViewGallery */,
			);
		};
/* End PBXProject section */

/* Begin PBXResourcesBuildPhase section */
		5EDC340D2AB886800044A96F /* Resources */ = {
			isa = PBXResourcesBuildPhase;
			buildActionMask = 2147483647;
			files = (
				5EDC341A2AB886810044A96F /* Preview Assets.xcassets in Resources */,
				5EDC34172AB886810044A96F /* Assets.xcassets in Resources */,
			);
			runOnlyForDeploymentPostprocessing = 0;
		};
/* End PBXResourcesBuildPhase section */

/* Begin PBXSourcesBuildPhase section */
		5EDC340B2AB886800044A96F /* Sources */ = {
			isa = PBXSourcesBuildPhase;
			buildActionMask = 2147483647;
			files = (
				5EDC34272AB8914A0044A96F /* Item.swift in Sources */,
				5EDC34212AB887D50044A96F /* GridType.swift in Sources */,
				44C362072AB91F1D00E8219A /* SingleRow.swift in Sources */,
				5EDC34252AB88B130044A96F /* GridTypePicker.swift in Sources */,
				5EDC34152AB886800044A96F /* ContentView.swift in Sources */,
				44C362092AB922E900E8219A /* ItemStyle.swift in Sources */,
				5EDC34132AB886800044A96F /* swiftUI_sec1_GridViewGalleryApp.swift in Sources */,
			);
			runOnlyForDeploymentPostprocessing = 0;
		};
/* End PBXSourcesBuildPhase section */

/* Begin XCBuildConfiguration section */
		5EDC341B2AB886810044A96F /* Debug */ = {
			isa = XCBuildConfiguration;
			buildSettings = {
				ALWAYS_SEARCH_USER_PATHS = NO;
				CLANG_ANALYZER_NONNULL = YES;
				CLANG_ANALYZER_NUMBER_OBJECT_CONVERSION = YES_AGGRESSIVE;
				CLANG_CXX_LANGUAGE_STANDARD = "gnu++20";
				CLANG_ENABLE_MODULES = YES;
				CLANG_ENABLE_OBJC_ARC = YES;
				CLANG_ENABLE_OBJC_WEAK = YES;
				CLANG_WARN_BLOCK_CAPTURE_AUTORELEASING = YES;
				CLANG_WARN_BOOL_CONVERSION = YES;
				CLANG_WARN_COMMA = YES;
				CLANG_WARN_CONSTANT_CONVERSION = YES;
				CLANG_WARN_DEPRECATED_OBJC_IMPLEMENTATIONS = YES;
				CLANG_WARN_DIRECT_OBJC_ISA_USAGE = YES_ERROR;
				CLANG_WARN_DOCUMENTATION_COMMENTS = YES;
				CLANG_WARN_EMPTY_BODY = YES;
				CLANG_WARN_ENUM_CONVERSION = YES;
				CLANG_WARN_INFINITE_RECURSION = YES;
				CLANG_WARN_INT_CONVERSION = YES;
				CLANG_WARN_NON_LITERAL_NULL_CONVERSION = YES;
				CLANG_WARN_OBJC_IMPLICIT_RETAIN_SELF = YES;
				CLANG_WARN_OBJC_LITERAL_CONVERSION = YES;
				CLANG_WARN_OBJC_ROOT_CLASS = YES_ERROR;
				CLANG_WARN_QUOTED_INCLUDE_IN_FRAMEWORK_HEADER = YES;
				CLANG_WARN_RANGE_LOOP_ANALYSIS = YES;
				CLANG_WARN_STRICT_PROTOTYPES = YES;
				CLANG_WARN_SUSPICIOUS_MOVE = YES;
				CLANG_WARN_UNGUARDED_AVAILABILITY = YES_AGGRESSIVE;
				CLANG_WARN_UNREACHABLE_CODE = YES;
				CLANG_WARN__DUPLICATE_METHOD_MATCH = YES;
				COPY_PHASE_STRIP = NO;
				DEBUG_INFORMATION_FORMAT = dwarf;
				ENABLE_STRICT_OBJC_MSGSEND = YES;
				ENABLE_TESTABILITY = YES;
				GCC_C_LANGUAGE_STANDARD = gnu11;
				GCC_DYNAMIC_NO_PIC = NO;
				GCC_NO_COMMON_BLOCKS = YES;
				GCC_OPTIMIZATION_LEVEL = 0;
				GCC_PREPROCESSOR_DEFINITIONS = (
					"DEBUG=1",
					"$(inherited)",
				);
				GCC_WARN_64_TO_32_BIT_CONVERSION = YES;
				GCC_WARN_ABOUT_RETURN_TYPE = YES_ERROR;
				GCC_WARN_UNDECLARED_SELECTOR = YES;
				GCC_WARN_UNINITIALIZED_AUTOS = YES_AGGRESSIVE;
				GCC_WARN_UNUSED_FUNCTION = YES;
				GCC_WARN_UNUSED_VARIABLE = YES;
				IPHONEOS_DEPLOYMENT_TARGET = 16.4;
				MTL_ENABLE_DEBUG_INFO = INCLUDE_SOURCE;
				MTL_FAST_MATH = YES;
				ONLY_ACTIVE_ARCH = YES;
				SDKROOT = iphoneos;
				SWIFT_ACTIVE_COMPILATION_CONDITIONS = DEBUG;
				SWIFT_OPTIMIZATION_LEVEL = "-Onone";
			};
			name = Debug;
		};
		5EDC341C2AB886810044A96F /* Release */ = {
			isa = XCBuildConfiguration;
			buildSettings = {
				ALWAYS_SEARCH_USER_PATHS = NO;
				CLANG_ANALYZER_NONNULL = YES;
				CLANG_ANALYZER_NUMBER_OBJECT_CONVERSION = YES_AGGRESSIVE;
				CLANG_CXX_LANGUAGE_STANDARD = "gnu++20";
				CLANG_ENABLE_MODULES = YES;
				CLANG_ENABLE_OBJC_ARC = YES;
				CLANG_ENABLE_OBJC_WEAK = YES;
				CLANG_WARN_BLOCK_CAPTURE_AUTORELEASING = YES;
				CLANG_WARN_BOOL_CONVERSION = YES;
				CLANG_WARN_COMMA = YES;
				CLANG_WARN_CONSTANT_CONVERSION = YES;
				CLANG_WARN_DEPRECATED_OBJC_IMPLEMENTATIONS = YES;
				CLANG_WARN_DIRECT_OBJC_ISA_USAGE = YES_ERROR;
				CLANG_WARN_DOCUMENTATION_COMMENTS = YES;
				CLANG_WARN_EMPTY_BODY = YES;
				CLANG_WARN_ENUM_CONVERSION = YES;
				CLANG_WARN_INFINITE_RECURSION = YES;
				CLANG_WARN_INT_CONVERSION = YES;
				CLANG_WARN_NON_LITERAL_NULL_CONVERSION = YES;
				CLANG_WARN_OBJC_IMPLICIT_RETAIN_SELF = YES;
				CLANG_WARN_OBJC_LITERAL_CONVERSION = YES;
				CLANG_WARN_OBJC_ROOT_CLASS = YES_ERROR;
				CLANG_WARN_QUOTED_INCLUDE_IN_FRAMEWORK_HEADER = YES;
				CLANG_WARN_RANGE_LOOP_ANALYSIS = YES;
				CLANG_WARN_STRICT_PROTOTYPES = YES;
				CLANG_WARN_SUSPICIOUS_MOVE = YES;
				CLANG_WARN_UNGUARDED_AVAILABILITY = YES_AGGRESSIVE;
				CLANG_WARN_UNREACHABLE_CODE = YES;
				CLANG_WARN__DUPLICATE_METHOD_MATCH = YES;
				COPY_PHASE_STRIP = NO;
				DEBUG_INFORMATION_FORMAT = "dwarf-with-dsym";
				ENABLE_NS_ASSERTIONS = NO;
				ENABLE_STRICT_OBJC_MSGSEND = YES;
				GCC_C_LANGUAGE_STANDARD = gnu11;
				GCC_NO_COMMON_BLOCKS = YES;
				GCC_WARN_64_TO_32_BIT_CONVERSION = YES;
				GCC_WARN_ABOUT_RETURN_TYPE = YES_ERROR;
				GCC_WARN_UNDECLARED_SELECTOR = YES;
				GCC_WARN_UNINITIALIZED_AUTOS = YES_AGGRESSIVE;
				GCC_WARN_UNUSED_FUNCTION = YES;
				GCC_WARN_UNUSED_VARIABLE = YES;
				IPHONEOS_DEPLOYMENT_TARGET = 16.4;
				MTL_ENABLE_DEBUG_INFO = NO;
				MTL_FAST_MATH = YES;
				SDKROOT = iphoneos;
				SWIFT_COMPILATION_MODE = wholemodule;
				SWIFT_OPTIMIZATION_LEVEL = "-O";
				VALIDATE_PRODUCT = YES;
			};
			name = Release;
		};
		5EDC341E2AB886810044A96F /* Debug */ = {
			isa = XCBuildConfiguration;
			buildSettings = {
				ASSETCATALOG_COMPILER_APPICON_NAME = AppIcon;
				ASSETCATALOG_COMPILER_GLOBAL_ACCENT_COLOR_NAME = AccentColor;
				CODE_SIGN_STYLE = Automatic;
				CURRENT_PROJECT_VERSION = 1;
				DEVELOPMENT_ASSET_PATHS = "\"swiftUI-sec1-GridViewGallery/Preview Content\"";
				DEVELOPMENT_TEAM = 76GF6PHQ9T;
				ENABLE_PREVIEWS = YES;
				GENERATE_INFOPLIST_FILE = YES;
				INFOPLIST_KEY_UIApplicationSceneManifest_Generation = YES;
				INFOPLIST_KEY_UIApplicationSupportsIndirectInputEvents = YES;
				INFOPLIST_KEY_UILaunchScreen_Generation = YES;
				INFOPLIST_KEY_UISupportedInterfaceOrientations_iPad = "UIInterfaceOrientationPortrait UIInterfaceOrientationPortraitUpsideDown UIInterfaceOrientationLandscapeLeft UIInterfaceOrientationLandscapeRight";
				INFOPLIST_KEY_UISupportedInterfaceOrientations_iPhone = "UIInterfaceOrientationPortrait UIInterfaceOrientationLandscapeLeft UIInterfaceOrientationLandscapeRight";
				LD_RUNPATH_SEARCH_PATHS = (
					"$(inherited)",
					"@executable_path/Frameworks",
				);
				MARKETING_VERSION = 1.0;
				PRODUCT_BUNDLE_IDENTIFIER = "com.yumikim.swiftUI-sec1-GridViewGallery";
				PRODUCT_NAME = "$(TARGET_NAME)";
				SWIFT_EMIT_LOC_STRINGS = YES;
				SWIFT_VERSION = 5.0;
				TARGETED_DEVICE_FAMILY = "1,2";
			};
			name = Debug;
		};
		5EDC341F2AB886810044A96F /* Release */ = {
			isa = XCBuildConfiguration;
			buildSettings = {
				ASSETCATALOG_COMPILER_APPICON_NAME = AppIcon;
				ASSETCATALOG_COMPILER_GLOBAL_ACCENT_COLOR_NAME = AccentColor;
				CODE_SIGN_STYLE = Automatic;
				CURRENT_PROJECT_VERSION = 1;
				DEVELOPMENT_ASSET_PATHS = "\"swiftUI-sec1-GridViewGallery/Preview Content\"";
				DEVELOPMENT_TEAM = 76GF6PHQ9T;
				ENABLE_PREVIEWS = YES;
				GENERATE_INFOPLIST_FILE = YES;
				INFOPLIST_KEY_UIApplicationSceneManifest_Generation = YES;
				INFOPLIST_KEY_UIApplicationSupportsIndirectInputEvents = YES;
				INFOPLIST_KEY_UILaunchScreen_Generation = YES;
				INFOPLIST_KEY_UISupportedInterfaceOrientations_iPad = "UIInterfaceOrientationPortrait UIInterfaceOrientationPortraitUpsideDown UIInterfaceOrientationLandscapeLeft UIInterfaceOrientationLandscapeRight";
				INFOPLIST_KEY_UISupportedInterfaceOrientations_iPhone = "UIInterfaceOrientationPortrait UIInterfaceOrientationLandscapeLeft UIInterfaceOrientationLandscapeRight";
				LD_RUNPATH_SEARCH_PATHS = (
					"$(inherited)",
					"@executable_path/Frameworks",
				);
				MARKETING_VERSION = 1.0;
				PRODUCT_BUNDLE_IDENTIFIER = "com.yumikim.swiftUI-sec1-GridViewGallery";
				PRODUCT_NAME = "$(TARGET_NAME)";
				SWIFT_EMIT_LOC_STRINGS = YES;
				SWIFT_VERSION = 5.0;
				TARGETED_DEVICE_FAMILY = "1,2";
			};
			name = Release;
		};
/* End XCBuildConfiguration section */

/* Begin XCConfigurationList section */
		5EDC340A2AB886800044A96F /* Build configuration list for PBXProject "swiftUI-sec1-GridViewGallery" */ = {
			isa = XCConfigurationList;
			buildConfigurations = (
				5EDC341B2AB886810044A96F /* Debug */,
				5EDC341C2AB886810044A96F /* Release */,
			);
			defaultConfigurationIsVisible = 0;
			defaultConfigurationName = Release;
		};
		5EDC341D2AB886810044A96F /* Build configuration list for PBXNativeTarget "swiftUI-sec1-GridViewGallery" */ = {
			isa = XCConfigurationList;
			buildConfigurations = (
				5EDC341E2AB886810044A96F /* Debug */,
				5EDC341F2AB886810044A96F /* Release */,
			);
			defaultConfigurationIsVisible = 0;
			defaultConfigurationName = Release;
		};
/* End XCConfigurationList section */
	};
	rootObject = 5EDC34072AB886800044A96F /* Project object */;
}
