// !$*UTF8*$!
{
	archiveVersion = 1;
	classes = {
	};
	objectVersion = 56;
	objects = {

/* Begin PBXBuildFile section */
		44C3624D2AB9795200E8219A /* swiftUI_sec2_jsonApp.swift in Sources */ = {isa = PBXBuildFile; fileRef = 44C3624C2AB9795200E8219A /* swiftUI_sec2_jsonApp.swift */; };
		44C3624F2AB9795200E8219A /* ContentView.swift in Sources */ = {isa = PBXBuildFile; fileRef = 44C3624E2AB9795200E8219A /* ContentView.swift */; };
		44C362512AB9795300E8219A /* Assets.xcassets in Resources */ = {isa = PBXBuildFile; fileRef = 44C362502AB9795300E8219A /* Assets.xcassets */; };
		44C362542AB9795300E8219A /* Preview Assets.xcassets in Resources */ = {isa = PBXBuildFile; fileRef = 44C362532AB9795300E8219A /* Preview Assets.xcassets */; };
		44C3625E2AB9795300E8219A /* swiftUI_sec2_jsonTests.swift in Sources */ = {isa = PBXBuildFile; fileRef = 44C3625D2AB9795300E8219A /* swiftUI_sec2_jsonTests.swift */; };
		44C362682AB9795300E8219A /* swiftUI_sec2_jsonUITests.swift in Sources */ = {isa = PBXBuildFile; fileRef = 44C362672AB9795300E8219A /* swiftUI_sec2_jsonUITests.swift */; };
		44C3626A2AB9795300E8219A /* swiftUI_sec2_jsonUITestsLaunchTests.swift in Sources */ = {isa = PBXBuildFile; fileRef = 44C362692AB9795300E8219A /* swiftUI_sec2_jsonUITestsLaunchTests.swift */; };
		44C362772AB97B8400E8219A /* WebService.swift in Sources */ = {isa = PBXBuildFile; fileRef = 44C362762AB97B8400E8219A /* WebService.swift */; };
/* End PBXBuildFile section */

/* Begin PBXContainerItemProxy section */
		44C3625A2AB9795300E8219A /* PBXContainerItemProxy */ = {
			isa = PBXContainerItemProxy;
			containerPortal = 44C362412AB9795100E8219A /* Project object */;
			proxyType = 1;
			remoteGlobalIDString = 44C362482AB9795200E8219A;
			remoteInfo = "swiftUI-sec2-json";
		};
		44C362642AB9795300E8219A /* PBXContainerItemProxy */ = {
			isa = PBXContainerItemProxy;
			containerPortal = 44C362412AB9795100E8219A /* Project object */;
			proxyType = 1;
			remoteGlobalIDString = 44C362482AB9795200E8219A;
			remoteInfo = "swiftUI-sec2-json";
		};
/* End PBXContainerItemProxy section */

/* Begin PBXFileReference section */
		44C362492AB9795200E8219A /* swiftUI-sec2-json.app */ = {isa = PBXFileReference; explicitFileType = wrapper.application; includeInIndex = 0; path = "swiftUI-sec2-json.app"; sourceTree = BUILT_PRODUCTS_DIR; };
		44C3624C2AB9795200E8219A /* swiftUI_sec2_jsonApp.swift */ = {isa = PBXFileReference; lastKnownFileType = sourcecode.swift; path = swiftUI_sec2_jsonApp.swift; sourceTree = "<group>"; };
		44C3624E2AB9795200E8219A /* ContentView.swift */ = {isa = PBXFileReference; lastKnownFileType = sourcecode.swift; path = ContentView.swift; sourceTree = "<group>"; };
		44C362502AB9795300E8219A /* Assets.xcassets */ = {isa = PBXFileReference; lastKnownFileType = folder.assetcatalog; path = Assets.xcassets; sourceTree = "<group>"; };
		44C362532AB9795300E8219A /* Preview Assets.xcassets */ = {isa = PBXFileReference; lastKnownFileType = folder.assetcatalog; path = "Preview Assets.xcassets"; sourceTree = "<group>"; };
		44C362592AB9795300E8219A /* swiftUI-sec2-jsonTests.xctest */ = {isa = PBXFileReference; explicitFileType = wrapper.cfbundle; includeInIndex = 0; path = "swiftUI-sec2-jsonTests.xctest"; sourceTree = BUILT_PRODUCTS_DIR; };
		44C3625D2AB9795300E8219A /* swiftUI_sec2_jsonTests.swift */ = {isa = PBXFileReference; lastKnownFileType = sourcecode.swift; path = swiftUI_sec2_jsonTests.swift; sourceTree = "<group>"; };
		44C362632AB9795300E8219A /* swiftUI-sec2-jsonUITests.xctest */ = {isa = PBXFileReference; explicitFileType = wrapper.cfbundle; includeInIndex = 0; path = "swiftUI-sec2-jsonUITests.xctest"; sourceTree = BUILT_PRODUCTS_DIR; };
		44C362672AB9795300E8219A /* swiftUI_sec2_jsonUITests.swift */ = {isa = PBXFileReference; lastKnownFileType = sourcecode.swift; path = swiftUI_sec2_jsonUITests.swift; sourceTree = "<group>"; };
		44C362692AB9795300E8219A /* swiftUI_sec2_jsonUITestsLaunchTests.swift */ = {isa = PBXFileReference; lastKnownFileType = sourcecode.swift; path = swiftUI_sec2_jsonUITestsLaunchTests.swift; sourceTree = "<group>"; };
		44C362762AB97B8400E8219A /* WebService.swift */ = {isa = PBXFileReference; lastKnownFileType = sourcecode.swift; path = WebService.swift; sourceTree = "<group>"; };
/* End PBXFileReference section */

/* Begin PBXFrameworksBuildPhase section */
		44C362462AB9795200E8219A /* Frameworks */ = {
			isa = PBXFrameworksBuildPhase;
			buildActionMask = 2147483647;
			files = (
			);
			runOnlyForDeploymentPostprocessing = 0;
		};
		44C362562AB9795300E8219A /* Frameworks */ = {
			isa = PBXFrameworksBuildPhase;
			buildActionMask = 2147483647;
			files = (
			);
			runOnlyForDeploymentPostprocessing = 0;
		};
		44C362602AB9795300E8219A /* Frameworks */ = {
			isa = PBXFrameworksBuildPhase;
			buildActionMask = 2147483647;
			files = (
			);
			runOnlyForDeploymentPostprocessing = 0;
		};
/* End PBXFrameworksBuildPhase section */

/* Begin PBXGroup section */
		44C362402AB9795100E8219A = {
			isa = PBXGroup;
			children = (
				44C3624B2AB9795200E8219A /* swiftUI-sec2-json */,
				44C3625C2AB9795300E8219A /* swiftUI-sec2-jsonTests */,
				44C362662AB9795300E8219A /* swiftUI-sec2-jsonUITests */,
				44C3624A2AB9795200E8219A /* Products */,
			);
			sourceTree = "<group>";
		};
		44C3624A2AB9795200E8219A /* Products */ = {
			isa = PBXGroup;
			children = (
				44C362492AB9795200E8219A /* swiftUI-sec2-json.app */,
				44C362592AB9795300E8219A /* swiftUI-sec2-jsonTests.xctest */,
				44C362632AB9795300E8219A /* swiftUI-sec2-jsonUITests.xctest */,
			);
			name = Products;
			sourceTree = "<group>";
		};
		44C3624B2AB9795200E8219A /* swiftUI-sec2-json */ = {
			isa = PBXGroup;
			children = (
				44C3624C2AB9795200E8219A /* swiftUI_sec2_jsonApp.swift */,
				44C3624E2AB9795200E8219A /* ContentView.swift */,
				44C362502AB9795300E8219A /* Assets.xcassets */,
				44C362522AB9795300E8219A /* Preview Content */,
				44C362762AB97B8400E8219A /* WebService.swift */,
			);
			path = "swiftUI-sec2-json";
			sourceTree = "<group>";
		};
		44C362522AB9795300E8219A /* Preview Content */ = {
			isa = PBXGroup;
			children = (
				44C362532AB9795300E8219A /* Preview Assets.xcassets */,
			);
			path = "Preview Content";
			sourceTree = "<group>";
		};
		44C3625C2AB9795300E8219A /* swiftUI-sec2-jsonTests */ = {
			isa = PBXGroup;
			children = (
				44C3625D2AB9795300E8219A /* swiftUI_sec2_jsonTests.swift */,
			);
			path = "swiftUI-sec2-jsonTests";
			sourceTree = "<group>";
		};
		44C362662AB9795300E8219A /* swiftUI-sec2-jsonUITests */ = {
			isa = PBXGroup;
			children = (
				44C362672AB9795300E8219A /* swiftUI_sec2_jsonUITests.swift */,
				44C362692AB9795300E8219A /* swiftUI_sec2_jsonUITestsLaunchTests.swift */,
			);
			path = "swiftUI-sec2-jsonUITests";
			sourceTree = "<group>";
		};
/* End PBXGroup section */

/* Begin PBXNativeTarget section */
		44C362482AB9795200E8219A /* swiftUI-sec2-json */ = {
			isa = PBXNativeTarget;
			buildConfigurationList = 44C3626D2AB9795300E8219A /* Build configuration list for PBXNativeTarget "swiftUI-sec2-json" */;
			buildPhases = (
				44C362452AB9795200E8219A /* Sources */,
				44C362462AB9795200E8219A /* Frameworks */,
				44C362472AB9795200E8219A /* Resources */,
			);
			buildRules = (
			);
			dependencies = (
			);
			name = "swiftUI-sec2-json";
			productName = "swiftUI-sec2-json";
			productReference = 44C362492AB9795200E8219A /* swiftUI-sec2-json.app */;
			productType = "com.apple.product-type.application";
		};
		44C362582AB9795300E8219A /* swiftUI-sec2-jsonTests */ = {
			isa = PBXNativeTarget;
			buildConfigurationList = 44C362702AB9795300E8219A /* Build configuration list for PBXNativeTarget "swiftUI-sec2-jsonTests" */;
			buildPhases = (
				44C362552AB9795300E8219A /* Sources */,
				44C362562AB9795300E8219A /* Frameworks */,
				44C362572AB9795300E8219A /* Resources */,
			);
			buildRules = (
			);
			dependencies = (
				44C3625B2AB9795300E8219A /* PBXTargetDependency */,
			);
			name = "swiftUI-sec2-jsonTests";
			productName = "swiftUI-sec2-jsonTests";
			productReference = 44C362592AB9795300E8219A /* swiftUI-sec2-jsonTests.xctest */;
			productType = "com.apple.product-type.bundle.unit-test";
		};
		44C362622AB9795300E8219A /* swiftUI-sec2-jsonUITests */ = {
			isa = PBXNativeTarget;
			buildConfigurationList = 44C362732AB9795300E8219A /* Build configuration list for PBXNativeTarget "swiftUI-sec2-jsonUITests" */;
			buildPhases = (
				44C3625F2AB9795300E8219A /* Sources */,
				44C362602AB9795300E8219A /* Frameworks */,
				44C362612AB9795300E8219A /* Resources */,
			);
			buildRules = (
			);
			dependencies = (
				44C362652AB9795300E8219A /* PBXTargetDependency */,
			);
			name = "swiftUI-sec2-jsonUITests";
			productName = "swiftUI-sec2-jsonUITests";
			productReference = 44C362632AB9795300E8219A /* swiftUI-sec2-jsonUITests.xctest */;
			productType = "com.apple.product-type.bundle.ui-testing";
		};
/* End PBXNativeTarget section */

/* Begin PBXProject section */
		44C362412AB9795100E8219A /* Project object */ = {
			isa = PBXProject;
			attributes = {
				BuildIndependentTargetsInParallel = 1;
				LastSwiftUpdateCheck = 1430;
				LastUpgradeCheck = 1430;
				TargetAttributes = {
					44C362482AB9795200E8219A = {
						CreatedOnToolsVersion = 14.3.1;
					};
					44C362582AB9795300E8219A = {
						CreatedOnToolsVersion = 14.3.1;
						TestTargetID = 44C362482AB9795200E8219A;
					};
					44C362622AB9795300E8219A = {
						CreatedOnToolsVersion = 14.3.1;
						TestTargetID = 44C362482AB9795200E8219A;
					};
				};
			};
			buildConfigurationList = 44C362442AB9795100E8219A /* Build configuration list for PBXProject "swiftUI-sec2-json" */;
			compatibilityVersion = "Xcode 14.0";
			developmentRegion = en;
			hasScannedForEncodings = 0;
			knownRegions = (
				en,
				Base,
			);
			mainGroup = 44C362402AB9795100E8219A;
			productRefGroup = 44C3624A2AB9795200E8219A /* Products */;
			projectDirPath = "";
			projectRoot = "";
			targets = (
				44C362482AB9795200E8219A /* swiftUI-sec2-json */,
				44C362582AB9795300E8219A /* swiftUI-sec2-jsonTests */,
				44C362622AB9795300E8219A /* swiftUI-sec2-jsonUITests */,
			);
		};
/* End PBXProject section */

/* Begin PBXResourcesBuildPhase section */
		44C362472AB9795200E8219A /* Resources */ = {
			isa = PBXResourcesBuildPhase;
			buildActionMask = 2147483647;
			files = (
				44C362542AB9795300E8219A /* Preview Assets.xcassets in Resources */,
				44C362512AB9795300E8219A /* Assets.xcassets in Resources */,
			);
			runOnlyForDeploymentPostprocessing = 0;
		};
		44C362572AB9795300E8219A /* Resources */ = {
			isa = PBXResourcesBuildPhase;
			buildActionMask = 2147483647;
			files = (
			);
			runOnlyForDeploymentPostprocessing = 0;
		};
		44C362612AB9795300E8219A /* Resources */ = {
			isa = PBXResourcesBuildPhase;
			buildActionMask = 2147483647;
			files = (
			);
			runOnlyForDeploymentPostprocessing = 0;
		};
/* End PBXResourcesBuildPhase section */

/* Begin PBXSourcesBuildPhase section */
		44C362452AB9795200E8219A /* Sources */ = {
			isa = PBXSourcesBuildPhase;
			buildActionMask = 2147483647;
			files = (
				44C362772AB97B8400E8219A /* WebService.swift in Sources */,
				44C3624F2AB9795200E8219A /* ContentView.swift in Sources */,
				44C3624D2AB9795200E8219A /* swiftUI_sec2_jsonApp.swift in Sources */,
			);
			runOnlyForDeploymentPostprocessing = 0;
		};
		44C362552AB9795300E8219A /* Sources */ = {
			isa = PBXSourcesBuildPhase;
			buildActionMask = 2147483647;
			files = (
				44C3625E2AB9795300E8219A /* swiftUI_sec2_jsonTests.swift in Sources */,
			);
			runOnlyForDeploymentPostprocessing = 0;
		};
		44C3625F2AB9795300E8219A /* Sources */ = {
			isa = PBXSourcesBuildPhase;
			buildActionMask = 2147483647;
			files = (
				44C362682AB9795300E8219A /* swiftUI_sec2_jsonUITests.swift in Sources */,
				44C3626A2AB9795300E8219A /* swiftUI_sec2_jsonUITestsLaunchTests.swift in Sources */,
			);
			runOnlyForDeploymentPostprocessing = 0;
		};
/* End PBXSourcesBuildPhase section */

/* Begin PBXTargetDependency section */
		44C3625B2AB9795300E8219A /* PBXTargetDependency */ = {
			isa = PBXTargetDependency;
			target = 44C362482AB9795200E8219A /* swiftUI-sec2-json */;
			targetProxy = 44C3625A2AB9795300E8219A /* PBXContainerItemProxy */;
		};
		44C362652AB9795300E8219A /* PBXTargetDependency */ = {
			isa = PBXTargetDependency;
			target = 44C362482AB9795200E8219A /* swiftUI-sec2-json */;
			targetProxy = 44C362642AB9795300E8219A /* PBXContainerItemProxy */;
		};
/* End PBXTargetDependency section */

/* Begin XCBuildConfiguration section */
		44C3626B2AB9795300E8219A /* Debug */ = {
			isa = XCBuildConfiguration;
			buildSettings = {
				ALWAYS_SEARCH_USER_PATHS = NO;
				CLANG_ANALYZER_NONNULL = YES;
				CLANG_ANALYZER_NUMBER_OBJECT_CONVERSION = YES_AGGRESSIVE;
				CLANG_CXX_LANGUAGE_STANDARD = "gnu++20";
				CLANG_ENABLE_MODULES = YES;
				CLANG_ENABLE_OBJC_ARC = YES;
				CLANG_ENABLE_OBJC_WEAK = YES;
				CLANG_WARN_BLOCK_CAPTURE_AUTORELEASING = YES;
				CLANG_WARN_BOOL_CONVERSION = YES;
				CLANG_WARN_COMMA = YES;
				CLANG_WARN_CONSTANT_CONVERSION = YES;
				CLANG_WARN_DEPRECATED_OBJC_IMPLEMENTATIONS = YES;
				CLANG_WARN_DIRECT_OBJC_ISA_USAGE = YES_ERROR;
				CLANG_WARN_DOCUMENTATION_COMMENTS = YES;
				CLANG_WARN_EMPTY_BODY = YES;
				CLANG_WARN_ENUM_CONVERSION = YES;
				CLANG_WARN_INFINITE_RECURSION = YES;
				CLANG_WARN_INT_CONVERSION = YES;
				CLANG_WARN_NON_LITERAL_NULL_CONVERSION = YES;
				CLANG_WARN_OBJC_IMPLICIT_RETAIN_SELF = YES;
				CLANG_WARN_OBJC_LITERAL_CONVERSION = YES;
				CLANG_WARN_OBJC_ROOT_CLASS = YES_ERROR;
				CLANG_WARN_QUOTED_INCLUDE_IN_FRAMEWORK_HEADER = YES;
				CLANG_WARN_RANGE_LOOP_ANALYSIS = YES;
				CLANG_WARN_STRICT_PROTOTYPES = YES;
				CLANG_WARN_SUSPICIOUS_MOVE = YES;
				CLANG_WARN_UNGUARDED_AVAILABILITY = YES_AGGRESSIVE;
				CLANG_WARN_UNREACHABLE_CODE = YES;
				CLANG_WARN__DUPLICATE_METHOD_MATCH = YES;
				COPY_PHASE_STRIP = NO;
				DEBUG_INFORMATION_FORMAT = dwarf;
				ENABLE_STRICT_OBJC_MSGSEND = YES;
				ENABLE_TESTABILITY = YES;
				GCC_C_LANGUAGE_STANDARD = gnu11;
				GCC_DYNAMIC_NO_PIC = NO;
				GCC_NO_COMMON_BLOCKS = YES;
				GCC_OPTIMIZATION_LEVEL = 0;
				GCC_PREPROCESSOR_DEFINITIONS = (
					"DEBUG=1",
					"$(inherited)",
				);
				GCC_WARN_64_TO_32_BIT_CONVERSION = YES;
				GCC_WARN_ABOUT_RETURN_TYPE = YES_ERROR;
				GCC_WARN_UNDECLARED_SELECTOR = YES;
				GCC_WARN_UNINITIALIZED_AUTOS = YES_AGGRESSIVE;
				GCC_WARN_UNUSED_FUNCTION = YES;
				GCC_WARN_UNUSED_VARIABLE = YES;
				IPHONEOS_DEPLOYMENT_TARGET = 16.4;
				MTL_ENABLE_DEBUG_INFO = INCLUDE_SOURCE;
				MTL_FAST_MATH = YES;
				ONLY_ACTIVE_ARCH = YES;
				SDKROOT = iphoneos;
				SWIFT_ACTIVE_COMPILATION_CONDITIONS = DEBUG;
				SWIFT_OPTIMIZATION_LEVEL = "-Onone";
			};
			name = Debug;
		};
		44C3626C2AB9795300E8219A /* Release */ = {
			isa = XCBuildConfiguration;
			buildSettings = {
				ALWAYS_SEARCH_USER_PATHS = NO;
				CLANG_ANALYZER_NONNULL = YES;
				CLANG_ANALYZER_NUMBER_OBJECT_CONVERSION = YES_AGGRESSIVE;
				CLANG_CXX_LANGUAGE_STANDARD = "gnu++20";
				CLANG_ENABLE_MODULES = YES;
				CLANG_ENABLE_OBJC_ARC = YES;
				CLANG_ENABLE_OBJC_WEAK = YES;
				CLANG_WARN_BLOCK_CAPTURE_AUTORELEASING = YES;
				CLANG_WARN_BOOL_CONVERSION = YES;
				CLANG_WARN_COMMA = YES;
				CLANG_WARN_CONSTANT_CONVERSION = YES;
				CLANG_WARN_DEPRECATED_OBJC_IMPLEMENTATIONS = YES;
				CLANG_WARN_DIRECT_OBJC_ISA_USAGE = YES_ERROR;
				CLANG_WARN_DOCUMENTATION_COMMENTS = YES;
				CLANG_WARN_EMPTY_BODY = YES;
				CLANG_WARN_ENUM_CONVERSION = YES;
				CLANG_WARN_INFINITE_RECURSION = YES;
				CLANG_WARN_INT_CONVERSION = YES;
				CLANG_WARN_NON_LITERAL_NULL_CONVERSION = YES;
				CLANG_WARN_OBJC_IMPLICIT_RETAIN_SELF = YES;
				CLANG_WARN_OBJC_LITERAL_CONVERSION = YES;
				CLANG_WARN_OBJC_ROOT_CLASS = YES_ERROR;
				CLANG_WARN_QUOTED_INCLUDE_IN_FRAMEWORK_HEADER = YES;
				CLANG_WARN_RANGE_LOOP_ANALYSIS = YES;
				CLANG_WARN_STRICT_PROTOTYPES = YES;
				CLANG_WARN_SUSPICIOUS_MOVE = YES;
				CLANG_WARN_UNGUARDED_AVAILABILITY = YES_AGGRESSIVE;
				CLANG_WARN_UNREACHABLE_CODE = YES;
				CLANG_WARN__DUPLICATE_METHOD_MATCH = YES;
				COPY_PHASE_STRIP = NO;
				DEBUG_INFORMATION_FORMAT = "dwarf-with-dsym";
				ENABLE_NS_ASSERTIONS = NO;
				ENABLE_STRICT_OBJC_MSGSEND = YES;
				GCC_C_LANGUAGE_STANDARD = gnu11;
				GCC_NO_COMMON_BLOCKS = YES;
				GCC_WARN_64_TO_32_BIT_CONVERSION = YES;
				GCC_WARN_ABOUT_RETURN_TYPE = YES_ERROR;
				GCC_WARN_UNDECLARED_SELECTOR = YES;
				GCC_WARN_UNINITIALIZED_AUTOS = YES_AGGRESSIVE;
				GCC_WARN_UNUSED_FUNCTION = YES;
				GCC_WARN_UNUSED_VARIABLE = YES;
				IPHONEOS_DEPLOYMENT_TARGET = 16.4;
				MTL_ENABLE_DEBUG_INFO = NO;
				MTL_FAST_MATH = YES;
				SDKROOT = iphoneos;
				SWIFT_COMPILATION_MODE = wholemodule;
				SWIFT_OPTIMIZATION_LEVEL = "-O";
				VALIDATE_PRODUCT = YES;
			};
			name = Release;
		};
		44C3626E2AB9795300E8219A /* Debug */ = {
			isa = XCBuildConfiguration;
			buildSettings = {
				ASSETCATALOG_COMPILER_APPICON_NAME = AppIcon;
				ASSETCATALOG_COMPILER_GLOBAL_ACCENT_COLOR_NAME = AccentColor;
				CODE_SIGN_STYLE = Automatic;
				CURRENT_PROJECT_VERSION = 1;
				DEVELOPMENT_ASSET_PATHS = "\"swiftUI-sec2-json/Preview Content\"";
				ENABLE_PREVIEWS = YES;
				GENERATE_INFOPLIST_FILE = YES;
				INFOPLIST_KEY_UIApplicationSceneManifest_Generation = YES;
				INFOPLIST_KEY_UIApplicationSupportsIndirectInputEvents = YES;
				INFOPLIST_KEY_UILaunchScreen_Generation = YES;
				INFOPLIST_KEY_UISupportedInterfaceOrientations_iPad = "UIInterfaceOrientationPortrait UIInterfaceOrientationPortraitUpsideDown UIInterfaceOrientationLandscapeLeft UIInterfaceOrientationLandscapeRight";
				INFOPLIST_KEY_UISupportedInterfaceOrientations_iPhone = "UIInterfaceOrientationPortrait UIInterfaceOrientationLandscapeLeft UIInterfaceOrientationLandscapeRight";
				LD_RUNPATH_SEARCH_PATHS = (
					"$(inherited)",
					"@executable_path/Frameworks",
				);
				MARKETING_VERSION = 1.0;
				PRODUCT_BUNDLE_IDENTIFIER = "com.abc.swiftUI-sec2-json";
				PRODUCT_NAME = "$(TARGET_NAME)";
				SWIFT_EMIT_LOC_STRINGS = YES;
				SWIFT_VERSION = 5.0;
				TARGETED_DEVICE_FAMILY = "1,2";
			};
			name = Debug;
		};
		44C3626F2AB9795300E8219A /* Release */ = {
			isa = XCBuildConfiguration;
			buildSettings = {
				ASSETCATALOG_COMPILER_APPICON_NAME = AppIcon;
				ASSETCATALOG_COMPILER_GLOBAL_ACCENT_COLOR_NAME = AccentColor;
				CODE_SIGN_STYLE = Automatic;
				CURRENT_PROJECT_VERSION = 1;
				DEVELOPMENT_ASSET_PATHS = "\"swiftUI-sec2-json/Preview Content\"";
				ENABLE_PREVIEWS = YES;
				GENERATE_INFOPLIST_FILE = YES;
				INFOPLIST_KEY_UIApplicationSceneManifest_Generation = YES;
				INFOPLIST_KEY_UIApplicationSupportsIndirectInputEvents = YES;
				INFOPLIST_KEY_UILaunchScreen_Generation = YES;
				INFOPLIST_KEY_UISupportedInterfaceOrientations_iPad = "UIInterfaceOrientationPortrait UIInterfaceOrientationPortraitUpsideDown UIInterfaceOrientationLandscapeLeft UIInterfaceOrientationLandscapeRight";
				INFOPLIST_KEY_UISupportedInterfaceOrientations_iPhone = "UIInterfaceOrientationPortrait UIInterfaceOrientationLandscapeLeft UIInterfaceOrientationLandscapeRight";
				LD_RUNPATH_SEARCH_PATHS = (
					"$(inherited)",
					"@executable_path/Frameworks",
				);
				MARKETING_VERSION = 1.0;
				PRODUCT_BUNDLE_IDENTIFIER = "com.abc.swiftUI-sec2-json";
				PRODUCT_NAME = "$(TARGET_NAME)";
				SWIFT_EMIT_LOC_STRINGS = YES;
				SWIFT_VERSION = 5.0;
				TARGETED_DEVICE_FAMILY = "1,2";
			};
			name = Release;
		};
		44C362712AB9795300E8219A /* Debug */ = {
			isa = XCBuildConfiguration;
			buildSettings = {
				ALWAYS_EMBED_SWIFT_STANDARD_LIBRARIES = YES;
				BUNDLE_LOADER = "$(TEST_HOST)";
				CODE_SIGN_STYLE = Automatic;
				CURRENT_PROJECT_VERSION = 1;
				GENERATE_INFOPLIST_FILE = YES;
				IPHONEOS_DEPLOYMENT_TARGET = 16.4;
				MARKETING_VERSION = 1.0;
				PRODUCT_BUNDLE_IDENTIFIER = "com.abc.swiftUI-sec2-jsonTests";
				PRODUCT_NAME = "$(TARGET_NAME)";
				SWIFT_EMIT_LOC_STRINGS = NO;
				SWIFT_VERSION = 5.0;
				TARGETED_DEVICE_FAMILY = "1,2";
				TEST_HOST = "$(BUILT_PRODUCTS_DIR)/swiftUI-sec2-json.app/$(BUNDLE_EXECUTABLE_FOLDER_PATH)/swiftUI-sec2-json";
			};
			name = Debug;
		};
		44C362722AB9795300E8219A /* Release */ = {
			isa = XCBuildConfiguration;
			buildSettings = {
				ALWAYS_EMBED_SWIFT_STANDARD_LIBRARIES = YES;
				BUNDLE_LOADER = "$(TEST_HOST)";
				CODE_SIGN_STYLE = Automatic;
				CURRENT_PROJECT_VERSION = 1;
				GENERATE_INFOPLIST_FILE = YES;
				IPHONEOS_DEPLOYMENT_TARGET = 16.4;
				MARKETING_VERSION = 1.0;
				PRODUCT_BUNDLE_IDENTIFIER = "com.abc.swiftUI-sec2-jsonTests";
				PRODUCT_NAME = "$(TARGET_NAME)";
				SWIFT_EMIT_LOC_STRINGS = NO;
				SWIFT_VERSION = 5.0;
				TARGETED_DEVICE_FAMILY = "1,2";
				TEST_HOST = "$(BUILT_PRODUCTS_DIR)/swiftUI-sec2-json.app/$(BUNDLE_EXECUTABLE_FOLDER_PATH)/swiftUI-sec2-json";
			};
			name = Release;
		};
		44C362742AB9795300E8219A /* Debug */ = {
			isa = XCBuildConfiguration;
			buildSettings = {
				ALWAYS_EMBED_SWIFT_STANDARD_LIBRARIES = YES;
				CODE_SIGN_STYLE = Automatic;
				CURRENT_PROJECT_VERSION = 1;
				GENERATE_INFOPLIST_FILE = YES;
				MARKETING_VERSION = 1.0;
				PRODUCT_BUNDLE_IDENTIFIER = "com.abc.swiftUI-sec2-jsonUITests";
				PRODUCT_NAME = "$(TARGET_NAME)";
				SWIFT_EMIT_LOC_STRINGS = NO;
				SWIFT_VERSION = 5.0;
				TARGETED_DEVICE_FAMILY = "1,2";
				TEST_TARGET_NAME = "swiftUI-sec2-json";
			};
			name = Debug;
		};
		44C362752AB9795300E8219A /* Release */ = {
			isa = XCBuildConfiguration;
			buildSettings = {
				ALWAYS_EMBED_SWIFT_STANDARD_LIBRARIES = YES;
				CODE_SIGN_STYLE = Automatic;
				CURRENT_PROJECT_VERSION = 1;
				GENERATE_INFOPLIST_FILE = YES;
				MARKETING_VERSION = 1.0;
				PRODUCT_BUNDLE_IDENTIFIER = "com.abc.swiftUI-sec2-jsonUITests";
				PRODUCT_NAME = "$(TARGET_NAME)";
				SWIFT_EMIT_LOC_STRINGS = NO;
				SWIFT_VERSION = 5.0;
				TARGETED_DEVICE_FAMILY = "1,2";
				TEST_TARGET_NAME = "swiftUI-sec2-json";
			};
			name = Release;
		};
/* End XCBuildConfiguration section */

/* Begin XCConfigurationList section */
		44C362442AB9795100E8219A /* Build configuration list for PBXProject "swiftUI-sec2-json" */ = {
			isa = XCConfigurationList;
			buildConfigurations = (
				44C3626B2AB9795300E8219A /* Debug */,
				44C3626C2AB9795300E8219A /* Release */,
			);
			defaultConfigurationIsVisible = 0;
			defaultConfigurationName = Release;
		};
		44C3626D2AB9795300E8219A /* Build configuration list for PBXNativeTarget "swiftUI-sec2-json" */ = {
			isa = XCConfigurationList;
			buildConfigurations = (
				44C3626E2AB9795300E8219A /* Debug */,
				44C3626F2AB9795300E8219A /* Release */,
			);
			defaultConfigurationIsVisible = 0;
			defaultConfigurationName = Release;
		};
		44C362702AB9795300E8219A /* Build configuration list for PBXNativeTarget "swiftUI-sec2-jsonTests" */ = {
			isa = XCConfigurationList;
			buildConfigurations = (
				44C362712AB9795300E8219A /* Debug */,
				44C362722AB9795300E8219A /* Release */,
			);
			defaultConfigurationIsVisible = 0;
			defaultConfigurationName = Release;
		};
		44C362732AB9795300E8219A /* Build configuration list for PBXNativeTarget "swiftUI-sec2-jsonUITests" */ = {
			isa = XCConfigurationList;
			buildConfigurations = (
				44C362742AB9795300E8219A /* Debug */,
				44C362752AB9795300E8219A /* Release */,
			);
			defaultConfigurationIsVisible = 0;
			defaultConfigurationName = Release;
		};
/* End XCConfigurationList section */
	};
	rootObject = 44C362412AB9795100E8219A /* Project object */;
}
